{
  "version": 4,
  "terraform_version": "1.14.3",
  "serial": 518,
  "lineage": "bf6575e0-89bb-388c-a7cf-8c316b02790a",
  "outputs": {
    "bos_ec2_instance_id": {
      "value": "i-0cb487eac6b1da19a",
      "type": "string"
    },
    "bos_ir_reports_bucket": {
      "value": "bos-ir-reports-460480222158",
      "type": "string"
    },
    "bos_private_subnet_ids": {
      "value": [
        "subnet-03e1fadc0b711957a",
        "subnet-0200c1a7cb256ed3c"
      ],
      "type": [
        "tuple",
        [
          "string",
          "string"
        ]
      ]
    },
    "bos_public_subnet_ids": {
      "value": [
        "subnet-0c85a0a825cfcc834",
        "subnet-050d58a4f5d869c4d"
      ],
      "type": [
        "tuple",
        [
          "string",
          "string"
        ]
      ]
    },
    "bos_rds_endpoint": {
      "value": "bos-rds01.cgfeggmumcvi.us-east-1.rds.amazonaws.com",
      "type": "string"
    },
    "bos_vpc_id": {
      "value": "vpc-0f4559f19f5d9e577",
      "type": "string"
    }
  },
  "resources": [
    {
      "mode": "data",
      "type": "archive_file",
      "name": "bos_lambda_package",
      "provider": "provider[\"registry.terraform.io/hashicorp/archive\"]",
      "instances": [
        {
          "schema_version": 0,
          "attributes": {
            "exclude_symlink_directories": null,
            "excludes": null,
            "id": "7c6367cd5705c68758d4cfaa949f3147e11abe89",
            "output_base64sha256": "2gghzjbXI4zmrLlVt9SktvwbHmU4zM3IleaWTC0r2js=",
            "output_base64sha512": "lJuiv2UD0mXIbiTLHyy0dDds/4RImAD9RN5RTDZUzD/Q7IYJwCgiaYqRyQ1vo/D3CNq+mM5wB1ciUHI5FH4+WQ==",
            "output_file_mode": null,
            "output_md5": "dd09435a6cf27562b5eb615355cc121b",
            "output_path": "./lambda_ir_reporter.zip",
            "output_sha": "7c6367cd5705c68758d4cfaa949f3147e11abe89",
            "output_sha256": "da0821ce36d7238ce6acb955b7d4a4b6fc1b1e6538cccdc895e6964c2d2bda3b",
            "output_sha512": "949ba2bf6503d265c86e24cb1f2cb474376cff84489800fd44de514c3654cc3fd0ec8609c02822698a91c90d6fa3f0f708dabe98ce70075722507239147e3e59",
            "output_size": 3204,
            "source": [],
            "source_content": null,
            "source_content_filename": null,
            "source_dir": "./lambda_ir_reporter",
            "source_file": null,
            "type": "zip"
          },
          "sensitive_attributes": [],
          "identity_schema_version": 0
        }
      ]
    },
    {
      "mode": "data",
      "type": "aws_caller_identity",
      "name": "bos_self01",
      "provider": "provider[\"registry.terraform.io/hashicorp/aws\"]",
      "instances": [
        {
          "schema_version": 0,
          "attributes": {
            "account_id": "460480222158",
            "arn": "arn:aws:iam::460480222158:user/AWSCLI",
            "id": "460480222158",
            "user_id": "AIDAWWNWCSPHEUNA3RVR5"
          },
          "sensitive_attributes": [],
          "identity_schema_version": 0
        }
      ]
    },
    {
      "mode": "data",
      "type": "aws_caller_identity",
      "name": "current",
      "provider": "provider[\"registry.terraform.io/hashicorp/aws\"]",
      "instances": [
        {
          "schema_version": 0,
          "attributes": {
            "account_id": "460480222158",
            "arn": "arn:aws:iam::460480222158:user/AWSCLI",
            "id": "460480222158",
            "user_id": "AIDAWWNWCSPHEUNA3RVR5"
          },
          "sensitive_attributes": [],
          "identity_schema_version": 0
        }
      ]
    },
    {
      "mode": "data",
      "type": "aws_region",
      "name": "bos_region01",
      "provider": "provider[\"registry.terraform.io/hashicorp/aws\"]",
      "instances": [
        {
          "schema_version": 0,
          "attributes": {
            "description": "US East (N. Virginia)",
            "endpoint": "ec2.us-east-1.amazonaws.com",
            "id": "us-east-1",
            "name": "us-east-1",
            "region": "us-east-1"
          },
          "sensitive_attributes": [],
          "identity_schema_version": 0
        }
      ]
    },
    {
      "mode": "data",
      "type": "http",
      "name": "myip",
      "provider": "provider[\"registry.terraform.io/hashicorp/http\"]",
      "instances": [
        {
          "schema_version": 0,
          "attributes": {
            "body": "47.224.80.224\n",
            "ca_cert_pem": null,
            "client_cert_pem": null,
            "client_key_pem": null,
            "id": "https://ipv4.icanhazip.com",
            "insecure": null,
            "method": null,
            "request_body": null,
            "request_headers": null,
            "request_timeout_ms": null,
            "response_body": "47.224.80.224\n",
            "response_body_base64": "NDcuMjI0LjgwLjIyNAo=",
            "response_headers": {
              "Access-Control-Allow-Methods": "GET",
              "Access-Control-Allow-Origin": "*",
              "Alt-Svc": "h3=\":443\"; ma=86400",
              "Cf-Ray": "9bd8c10d9f51eaf5-ORD",
              "Content-Length": "14",
              "Content-Type": "text/plain",
              "Date": "Tue, 13 Jan 2026 23:43:08 GMT",
              "Server": "cloudflare",
              "Set-Cookie": "__cf_bm=H3UlMuYtp5tQNwrc0Bx55dToLLJ6THsnDZMSMAZVd8Q-1768347788-1.0.1.1-qsDuelgrdc8Kwq2yE2QZ9Xofqlr8fBvyGGtHT2MAIl_YBAYltT9h3u4StTG3OKvzcunPXXDx.RnVKVfPc3I27KoYv7TqDqTL3a.x.n7WQ3o; path=/; expires=Wed, 14-Jan-26 00:13:08 GMT; domain=.icanhazip.com; HttpOnly; Secure; SameSite=None",
              "Vary": "Accept-Encoding"
            },
            "retry": null,
            "status_code": 200,
            "url": "https://ipv4.icanhazip.com"
          },
          "sensitive_attributes": [],
          "identity_schema_version": 0
        }
      ]
    },
    {
      "mode": "managed",
      "type": "aws_acm_certificate",
      "name": "bos_acm_cert01",
      "provider": "provider[\"registry.terraform.io/hashicorp/aws\"]",
      "instances": [
        {
          "schema_version": 0,
          "attributes": {
            "arn": "arn:aws:acm:us-east-1:460480222158:certificate/51d14845-23ae-461f-b3a2-a75a956fee1f",
            "certificate_authority_arn": "",
            "certificate_body": null,
            "certificate_chain": null,
            "domain_name": "app.larryharrisaws.com",
            "domain_validation_options": [
              {
                "domain_name": "app.larryharrisaws.com",
                "resource_record_name": "_0143f02ee60eb2ddd523786dfce3489e.app.larryharrisaws.com.",
                "resource_record_type": "CNAME",
                "resource_record_value": "_0ff4c0902eff8e9fdfa6bf3a0b35eaab.jkddzztszm.acm-validations.aws."
              }
            ],
            "early_renewal_duration": "",
            "id": "arn:aws:acm:us-east-1:460480222158:certificate/51d14845-23ae-461f-b3a2-a75a956fee1f",
            "key_algorithm": "RSA_2048",
            "not_after": "",
            "not_before": "",
            "options": [
              {
                "certificate_transparency_logging_preference": "ENABLED",
                "export": "DISABLED"
              }
            ],
            "pending_renewal": false,
            "private_key": null,
            "region": "us-east-1",
            "renewal_eligibility": "INELIGIBLE",
            "renewal_summary": [],
            "status": "PENDING_VALIDATION",
            "subject_alternative_names": [
              "app.larryharrisaws.com"
            ],
            "tags": {
              "Name": "bos-acm-cert01"
            },
            "tags_all": {
              "Name": "bos-acm-cert01"
            },
            "type": "AMAZON_ISSUED",
            "validation_emails": [],
            "validation_method": "DNS",
            "validation_option": []
          },
          "sensitive_attributes": [
            [
              {
                "type": "get_attr",
                "value": "private_key"
              }
            ]
          ],
          "identity_schema_version": 0,
          "identity": {
            "arn": "arn:aws:acm:us-east-1:460480222158:certificate/51d14845-23ae-461f-b3a2-a75a956fee1f"
          },
          "private": "bnVsbA=="
        }
      ]
    },
    {
      "mode": "managed",
      "type": "aws_acm_certificate_validation",
      "name": "bos_acm_validation01",
      "provider": "provider[\"registry.terraform.io/hashicorp/aws\"]",
      "instances": []
    },
    {
      "mode": "managed",
      "type": "aws_acm_certificate_validation",
      "name": "bos_acm_validation01_dns_bonus",
      "provider": "provider[\"registry.terraform.io/hashicorp/aws\"]",
      "instances": []
    },
    {
      "mode": "managed",
      "type": "aws_cloudwatch_log_group",
      "name": "bos_log_group01",
      "provider": "provider[\"registry.terraform.io/hashicorp/aws\"]",
      "instances": [
        {
          "schema_version": 0,
          "attributes": {
            "arn": "arn:aws:logs:us-east-1:460480222158:log-group:/aws/ec2/bos-rds-app",
            "deletion_protection_enabled": false,
            "id": "/aws/ec2/bos-rds-app",
            "kms_key_id": "",
            "log_group_class": "STANDARD",
            "name": "/aws/ec2/bos-rds-app",
            "name_prefix": "",
            "region": "us-east-1",
            "retention_in_days": 7,
            "skip_destroy": false,
            "tags": {
              "Name": "bos-log-group01"
            },
            "tags_all": {
              "Name": "bos-log-group01"
            }
          },
          "sensitive_attributes": [],
          "identity_schema_version": 0,
          "identity": {
            "account_id": "460480222158",
            "name": "/aws/ec2/bos-rds-app",
            "region": "us-east-1"
          },
          "private": "bnVsbA=="
        }
      ]
    },
    {
      "mode": "managed",
      "type": "aws_cloudwatch_log_group",
      "name": "bos_waf_log_group01",
      "provider": "provider[\"registry.terraform.io/hashicorp/aws\"]",
      "instances": []
    },
    {
      "mode": "managed",
      "type": "aws_cloudwatch_metric_alarm",
      "name": "bos_db_alarm01",
      "provider": "provider[\"registry.terraform.io/hashicorp/aws\"]",
      "instances": [
        {
          "schema_version": 1,
          "attributes": {
            "actions_enabled": true,
            "alarm_actions": [
              "arn:aws:sns:us-east-1:460480222158:bos-db-incidents"
            ],
            "alarm_description": "",
            "alarm_name": "bos-db-connection-failure",
            "arn": "arn:aws:cloudwatch:us-east-1:460480222158:alarm:bos-db-connection-failure",
            "comparison_operator": "GreaterThanOrEqualToThreshold",
            "datapoints_to_alarm": 0,
            "dimensions": {},
            "evaluate_low_sample_count_percentiles": "",
            "evaluation_periods": 1,
            "extended_statistic": "",
            "id": "bos-db-connection-failure",
            "insufficient_data_actions": [],
            "metric_name": "DBConnectionErrors",
            "metric_query": [],
            "namespace": "Bos/RDSApp",
            "ok_actions": [],
            "period": 300,
            "region": "us-east-1",
            "statistic": "Sum",
            "tags": {
              "Name": "bos-alarm-db-fail"
            },
            "tags_all": {
              "Name": "bos-alarm-db-fail"
            },
            "threshold": 3,
            "threshold_metric_id": "",
            "treat_missing_data": "missing",
            "unit": ""
          },
          "sensitive_attributes": [],
          "identity_schema_version": 0,
          "identity": {
            "account_id": "460480222158",
            "alarm_name": "bos-db-connection-failure",
            "region": "us-east-1"
          },
          "private": "eyJzY2hlbWFfdmVyc2lvbiI6IjEifQ==",
          "dependencies": [
            "aws_sns_topic.bos_sns_topic01"
          ]
        }
      ]
    },
    {
      "mode": "managed",
      "type": "aws_db_instance",
      "name": "bos_rds01",
      "provider": "provider[\"registry.terraform.io/hashicorp/aws\"]",
      "instances": [
        {
          "schema_version": 2,
          "attributes": {
            "address": "bos-rds01.cgfeggmumcvi.us-east-1.rds.amazonaws.com",
            "allocated_storage": 20,
            "allow_major_version_upgrade": null,
            "apply_immediately": false,
            "arn": "arn:aws:rds:us-east-1:460480222158:db:bos-rds01",
            "auto_minor_version_upgrade": true,
            "availability_zone": "us-east-1b",
            "backup_retention_period": 0,
            "backup_target": "region",
            "backup_window": "06:16-06:46",
            "blue_green_update": [],
            "ca_cert_identifier": "rds-ca-rsa2048-g1",
            "character_set_name": "",
            "copy_tags_to_snapshot": false,
            "custom_iam_instance_profile": "",
            "customer_owned_ip_enabled": false,
            "database_insights_mode": "standard",
            "db_name": "labdb",
            "db_subnet_group_name": "bos-rds-subnet-group01",
            "dedicated_log_volume": false,
            "delete_automated_backups": true,
            "deletion_protection": false,
            "domain": "",
            "domain_auth_secret_arn": "",
            "domain_dns_ips": [],
            "domain_fqdn": "",
            "domain_iam_role_name": "",
            "domain_ou": "",
            "enabled_cloudwatch_logs_exports": [],
            "endpoint": "bos-rds01.cgfeggmumcvi.us-east-1.rds.amazonaws.com:3306",
            "engine": "mysql",
            "engine_lifecycle_support": "open-source-rds-extended-support",
            "engine_version": "8.0.43",
            "engine_version_actual": "8.0.43",
            "final_snapshot_identifier": null,
            "hosted_zone_id": "Z2R2ITUGPM61AM",
            "iam_database_authentication_enabled": false,
            "id": "db-3A6GXGOYUF2JD3ULJK4Z52P3CE",
            "identifier": "bos-rds01",
            "identifier_prefix": "",
            "instance_class": "db.t3.micro",
            "iops": 0,
            "kms_key_id": "",
            "latest_restorable_time": "",
            "license_model": "general-public-license",
            "listener_endpoint": [],
            "maintenance_window": "wed:03:12-wed:03:42",
            "manage_master_user_password": null,
            "master_user_secret": [],
            "master_user_secret_kms_key_id": null,
            "max_allocated_storage": 0,
            "monitoring_interval": 0,
            "monitoring_role_arn": "",
            "multi_az": false,
            "nchar_character_set_name": "",
            "network_type": "IPV4",
            "option_group_name": "default:mysql-8-0",
            "parameter_group_name": "default.mysql8.0",
            "password": "Broth3rH00d",
            "password_wo": null,
            "password_wo_version": null,
            "performance_insights_enabled": false,
            "performance_insights_kms_key_id": "",
            "performance_insights_retention_period": 0,
            "port": 3306,
            "publicly_accessible": false,
            "region": "us-east-1",
            "replica_mode": "",
            "replicas": [],
            "replicate_source_db": "",
            "resource_id": "db-3A6GXGOYUF2JD3ULJK4Z52P3CE",
            "restore_to_point_in_time": [],
            "s3_import": [],
            "skip_final_snapshot": true,
            "snapshot_identifier": null,
            "status": "available",
            "storage_encrypted": false,
            "storage_throughput": 0,
            "storage_type": "gp2",
            "tags": {
              "Name": "bos-rds01"
            },
            "tags_all": {
              "Name": "bos-rds01"
            },
            "timeouts": null,
            "timezone": "",
            "upgrade_rollout_order": "second",
            "upgrade_storage_config": null,
            "username": "admiral",
            "vpc_security_group_ids": [
              "sg-00a2c4cac16817000"
            ]
          },
          "sensitive_attributes": [
            [
              {
                "type": "get_attr",
                "value": "password"
              }
            ],
            [
              {
                "type": "get_attr",
                "value": "password_wo"
              }
            ]
          ],
          "identity_schema_version": 0,
          "private": "eyJlMmJmYjczMC1lY2FhLTExZTYtOGY4OC0zNDM2M2JjN2M0YzAiOnsiY3JlYXRlIjozMDAwMDAwMDAwMDAwLCJkZWxldGUiOjM2MDAwMDAwMDAwMDAsInVwZGF0ZSI6NDgwMDAwMDAwMDAwMH0sInNjaGVtYV92ZXJzaW9uIjoiMiJ9",
          "dependencies": [
            "aws_db_subnet_group.bos_rds_subnet_group01",
            "aws_security_group.bos_rds_sg01",
            "aws_subnet.bos_private_subnets",
            "aws_vpc.bos_vpc01"
          ]
        }
      ]
    },
    {
      "mode": "managed",
      "type": "aws_db_subnet_group",
      "name": "bos_rds_subnet_group01",
      "provider": "provider[\"registry.terraform.io/hashicorp/aws\"]",
      "instances": [
        {
          "schema_version": 0,
          "attributes": {
            "arn": "arn:aws:rds:us-east-1:460480222158:subgrp:bos-rds-subnet-group01",
            "description": "Managed by Terraform",
            "id": "bos-rds-subnet-group01",
            "name": "bos-rds-subnet-group01",
            "name_prefix": "",
            "region": "us-east-1",
            "subnet_ids": [
              "subnet-0200c1a7cb256ed3c",
              "subnet-03e1fadc0b711957a"
            ],
            "supported_network_types": [
              "IPV4"
            ],
            "tags": {
              "Name": "bos-rds-subnet-group01"
            },
            "tags_all": {
              "Name": "bos-rds-subnet-group01"
            },
            "vpc_id": "vpc-0f4559f19f5d9e577"
          },
          "sensitive_attributes": [],
          "identity_schema_version": 0,
          "private": "bnVsbA==",
          "dependencies": [
            "aws_subnet.bos_private_subnets",
            "aws_vpc.bos_vpc01"
          ]
        }
      ]
    },
    {
      "mode": "managed",
      "type": "aws_eip",
      "name": "bos_nat_eip01",
      "provider": "provider[\"registry.terraform.io/hashicorp/aws\"]",
      "instances": [
        {
          "schema_version": 0,
          "attributes": {
            "address": null,
            "allocation_id": "eipalloc-0c98642a920b55d18",
            "arn": "arn:aws:ec2:us-east-1:460480222158:elastic-ip/eipalloc-0c98642a920b55d18",
            "associate_with_private_ip": null,
            "association_id": "eipassoc-07f785faf76392e91",
            "carrier_ip": "",
            "customer_owned_ip": "",
            "customer_owned_ipv4_pool": "",
            "domain": "vpc",
            "id": "eipalloc-0c98642a920b55d18",
            "instance": "",
            "ipam_pool_id": null,
            "network_border_group": "us-east-1",
            "network_interface": "eni-08a63f9f4f336ac6c",
            "private_dns": "ip-10-26-1-206.ec2.internal",
            "private_ip": "10.26.1.206",
            "ptr_record": "",
            "public_dns": "ec2-54-156-97-80.compute-1.amazonaws.com",
            "public_ip": "54.156.97.80",
            "public_ipv4_pool": "amazon",
            "region": "us-east-1",
            "tags": {
              "Name": "bos-nat-eip01"
            },
            "tags_all": {
              "Name": "bos-nat-eip01"
            },
            "timeouts": null
          },
          "sensitive_attributes": [],
          "identity_schema_version": 0,
          "private": "eyJlMmJmYjczMC1lY2FhLTExZTYtOGY4OC0zNDM2M2JjN2M0YzAiOnsiZGVsZXRlIjoxODAwMDAwMDAwMDAsInJlYWQiOjkwMDAwMDAwMDAwMCwidXBkYXRlIjozMDAwMDAwMDAwMDB9fQ=="
        }
      ]
    },
    {
      "mode": "managed",
      "type": "aws_iam_instance_profile",
      "name": "bos_instance_profile01",
      "provider": "provider[\"registry.terraform.io/hashicorp/aws\"]",
      "instances": [
        {
          "schema_version": 0,
          "attributes": {
            "arn": "arn:aws:iam::460480222158:instance-profile/bos-instance-profile01",
            "create_date": "2026-01-13T22:10:36Z",
            "id": "bos-instance-profile01",
            "name": "bos-instance-profile01",
            "name_prefix": "",
            "path": "/",
            "role": "bos-ec2-role01",
            "tags": {},
            "tags_all": {},
            "unique_id": "AIPAWWNWCSPHMISY6RC2B"
          },
          "sensitive_attributes": [],
          "identity_schema_version": 0,
          "private": "bnVsbA==",
          "dependencies": [
            "aws_iam_role.bos_ec2_role01"
          ]
        }
      ]
    },
    {
      "mode": "managed",
      "type": "aws_iam_policy",
      "name": "bos_ir_lambda_policy01",
      "provider": "provider[\"registry.terraform.io/hashicorp/aws\"]",
      "instances": [
        {
          "schema_version": 0,
          "attributes": {
            "arn": "arn:aws:iam::460480222158:policy/bos-ir-lambda-policy01",
            "attachment_count": 1,
            "description": "",
            "id": "arn:aws:iam::460480222158:policy/bos-ir-lambda-policy01",
            "name": "bos-ir-lambda-policy01",
            "name_prefix": "",
            "path": "/",
            "policy": "{\"Statement\":[{\"Action\":[\"logs:StartQuery\",\"logs:GetQueryResults\",\"logs:DescribeLogGroups\",\"logs:DescribeLogStreams\",\"logs:FilterLogEvents\"],\"Effect\":\"Allow\",\"Resource\":\"*\"},{\"Action\":[\"cloudwatch:DescribeAlarms\",\"cloudwatch:GetMetricData\",\"cloudwatch:GetMetricStatistics\"],\"Effect\":\"Allow\",\"Resource\":\"*\"},{\"Action\":[\"ssm:GetParameter\",\"ssm:GetParameters\",\"ssm:GetParametersByPath\"],\"Effect\":\"Allow\",\"Resource\":\"arn:aws:ssm:*:460480222158:parameter/lab/db/*\"},{\"Action\":[\"secretsmanager:GetSecretValue\",\"secretsmanager:DescribeSecret\"],\"Effect\":\"Allow\",\"Resource\":\"arn:aws:secretsmanager:*:460480222158:secret:bos/rds/mysql*\"},{\"Action\":[\"s3:PutObject\",\"s3:PutObjectAcl\",\"s3:GetObject\",\"s3:ListBucket\"],\"Effect\":\"Allow\",\"Resource\":[\"arn:aws:s3:::bos-ir-reports-460480222158\",\"arn:aws:s3:::bos-ir-reports-460480222158/*\"]},{\"Action\":[\"bedrock:InvokeModel\"],\"Effect\":\"Allow\",\"Resource\":\"*\"}],\"Version\":\"2012-10-17\"}",
            "policy_id": "ANPAWWNWCSPHGZHX23YP5",
            "tags": {},
            "tags_all": {}
          },
          "sensitive_attributes": [],
          "identity_schema_version": 0,
          "identity": {
            "arn": "arn:aws:iam::460480222158:policy/bos-ir-lambda-policy01"
          },
          "private": "bnVsbA==",
          "dependencies": [
            "aws_s3_bucket.bos_ir_reports_bucket01",
            "data.aws_caller_identity.current"
          ]
        }
      ]
    },
    {
      "mode": "managed",
      "type": "aws_iam_policy",
      "name": "bos_leastpriv_cwlogs01",
      "provider": "provider[\"registry.terraform.io/hashicorp/aws\"]",
      "instances": [
        {
          "schema_version": 0,
          "attributes": {
            "arn": "arn:aws:iam::460480222158:policy/bos-lp-cwlogs01",
            "attachment_count": 1,
            "description": "Least-privilege CloudWatch Logs write for the app log group",
            "id": "arn:aws:iam::460480222158:policy/bos-lp-cwlogs01",
            "name": "bos-lp-cwlogs01",
            "name_prefix": "",
            "path": "/",
            "policy": "{\"Statement\":[{\"Action\":[\"logs:CreateLogStream\",\"logs:PutLogEvents\",\"logs:DescribeLogStreams\"],\"Effect\":\"Allow\",\"Resource\":[\"arn:aws:logs:us-east-1:460480222158:log-group:/aws/ec2/bos-rds-app:*\"],\"Sid\":\"WriteLogs\"}],\"Version\":\"2012-10-17\"}",
            "policy_id": "ANPAWWNWCSPHP2K5PWNIW",
            "tags": {},
            "tags_all": {}
          },
          "sensitive_attributes": [],
          "identity_schema_version": 0,
          "identity": {
            "arn": "arn:aws:iam::460480222158:policy/bos-lp-cwlogs01"
          },
          "private": "bnVsbA==",
          "dependencies": [
            "aws_cloudwatch_log_group.bos_log_group01"
          ]
        }
      ]
    },
    {
      "mode": "managed",
      "type": "aws_iam_policy",
      "name": "bos_leastpriv_read_params01",
      "provider": "provider[\"registry.terraform.io/hashicorp/aws\"]",
      "instances": [
        {
          "schema_version": 0,
          "attributes": {
            "arn": "arn:aws:iam::460480222158:policy/bos-lp-ssm-read01",
            "attachment_count": 1,
            "description": "Least-privilege read for SSM Parameter Store under /lab/db/*",
            "id": "arn:aws:iam::460480222158:policy/bos-lp-ssm-read01",
            "name": "bos-lp-ssm-read01",
            "name_prefix": "",
            "path": "/",
            "policy": "{\"Statement\":[{\"Action\":[\"ssm:GetParameter\",\"ssm:GetParameters\",\"ssm:GetParametersByPath\"],\"Effect\":\"Allow\",\"Resource\":[\"arn:aws:ssm:us-east-1:460480222158:parameter/lab/db/*\"],\"Sid\":\"ReadLabDbParams\"}],\"Version\":\"2012-10-17\"}",
            "policy_id": "ANPAWWNWCSPHIBCGKIUYK",
            "tags": {},
            "tags_all": {}
          },
          "sensitive_attributes": [],
          "identity_schema_version": 0,
          "identity": {
            "arn": "arn:aws:iam::460480222158:policy/bos-lp-ssm-read01"
          },
          "private": "bnVsbA==",
          "dependencies": [
            "data.aws_caller_identity.bos_self01",
            "data.aws_region.bos_region01"
          ]
        }
      ]
    },
    {
      "mode": "managed",
      "type": "aws_iam_policy",
      "name": "bos_leastpriv_read_secret01",
      "provider": "provider[\"registry.terraform.io/hashicorp/aws\"]",
      "instances": [
        {
          "schema_version": 0,
          "attributes": {
            "arn": "arn:aws:iam::460480222158:policy/bos-lp-secrets-read01",
            "attachment_count": 1,
            "description": "Least-privilege read for the lab DB secret",
            "id": "arn:aws:iam::460480222158:policy/bos-lp-secrets-read01",
            "name": "bos-lp-secrets-read01",
            "name_prefix": "",
            "path": "/",
            "policy": "{\"Statement\":[{\"Action\":[\"secretsmanager:GetSecretValue\",\"secretsmanager:DescribeSecret\"],\"Effect\":\"Allow\",\"Resource\":\"arn:aws:secretsmanager:us-east-1:460480222158:secret:bos/rds/mysql*\",\"Sid\":\"ReadOnlyLabSecret\"}],\"Version\":\"2012-10-17\"}",
            "policy_id": "ANPAWWNWCSPHH7B7XDHVY",
            "tags": {},
            "tags_all": {}
          },
          "sensitive_attributes": [],
          "identity_schema_version": 0,
          "identity": {
            "arn": "arn:aws:iam::460480222158:policy/bos-lp-secrets-read01"
          },
          "private": "bnVsbA==",
          "dependencies": [
            "data.aws_caller_identity.bos_self01",
            "data.aws_region.bos_region01"
          ]
        }
      ]
    },
    {
      "mode": "managed",
      "type": "aws_iam_role",
      "name": "bos_ec2_role01",
      "provider": "provider[\"registry.terraform.io/hashicorp/aws\"]",
      "instances": [
        {
          "schema_version": 0,
          "attributes": {
            "arn": "arn:aws:iam::460480222158:role/bos-ec2-role01",
            "assume_role_policy": "{\"Statement\":[{\"Action\":\"sts:AssumeRole\",\"Effect\":\"Allow\",\"Principal\":{\"Service\":\"ec2.amazonaws.com\"}}],\"Version\":\"2012-10-17\"}",
            "create_date": "2026-01-13T22:10:35Z",
            "description": "",
            "force_detach_policies": false,
            "id": "bos-ec2-role01",
            "inline_policy": [
              {
                "name": "secrets-manager-bos-rds",
                "policy": "{\"Version\":\"2012-10-17\",\"Statement\":[{\"Action\":[\"secretsmanager:GetSecretValue\"],\"Effect\":\"Allow\",\"Resource\":\"arn:aws:secretsmanager:us-east-1:460480222158:secret:bos/rds/mysql*\",\"Sid\":\"ReadSpecificSecret\"}]}"
              }
            ],
            "managed_policy_arns": [
              "arn:aws:iam::460480222158:policy/bos-lp-cwlogs01",
              "arn:aws:iam::460480222158:policy/bos-lp-secrets-read01",
              "arn:aws:iam::460480222158:policy/bos-lp-ssm-read01",
              "arn:aws:iam::aws:policy/AmazonSSMManagedInstanceCore",
              "arn:aws:iam::aws:policy/CloudWatchAgentServerPolicy"
            ],
            "max_session_duration": 3600,
            "name": "bos-ec2-role01",
            "name_prefix": "",
            "path": "/",
            "permissions_boundary": "",
            "tags": {},
            "tags_all": {},
            "unique_id": "AROAWWNWCSPHAQH4E6JCV"
          },
          "sensitive_attributes": [],
          "identity_schema_version": 0,
          "identity": {
            "account_id": "460480222158",
            "name": "bos-ec2-role01"
          },
          "private": "bnVsbA=="
        }
      ]
    },
    {
      "mode": "managed",
      "type": "aws_iam_role",
      "name": "bos_firehose_role01",
      "provider": "provider[\"registry.terraform.io/hashicorp/aws\"]",
      "instances": []
    },
    {
      "mode": "managed",
      "type": "aws_iam_role",
      "name": "bos_ir_lambda_role01",
      "provider": "provider[\"registry.terraform.io/hashicorp/aws\"]",
      "instances": [
        {
          "schema_version": 0,
          "attributes": {
            "arn": "arn:aws:iam::460480222158:role/bos-ir-lambda-role01",
            "assume_role_policy": "{\"Statement\":[{\"Action\":\"sts:AssumeRole\",\"Effect\":\"Allow\",\"Principal\":{\"Service\":\"lambda.amazonaws.com\"}}],\"Version\":\"2012-10-17\"}",
            "create_date": "2026-01-13T22:10:35Z",
            "description": "",
            "force_detach_policies": false,
            "id": "bos-ir-lambda-role01",
            "inline_policy": [],
            "managed_policy_arns": [
              "arn:aws:iam::460480222158:policy/bos-ir-lambda-policy01",
              "arn:aws:iam::aws:policy/service-role/AWSLambdaBasicExecutionRole"
            ],
            "max_session_duration": 3600,
            "name": "bos-ir-lambda-role01",
            "name_prefix": "",
            "path": "/",
            "permissions_boundary": "",
            "tags": {},
            "tags_all": {},
            "unique_id": "AROAWWNWCSPHLGQC55VID"
          },
          "sensitive_attributes": [],
          "identity_schema_version": 0,
          "identity": {
            "account_id": "460480222158",
            "name": "bos-ir-lambda-role01"
          },
          "private": "bnVsbA=="
        }
      ]
    },
    {
      "mode": "managed",
      "type": "aws_iam_role_policy",
      "name": "bos_ec2_secrets_access",
      "provider": "provider[\"registry.terraform.io/hashicorp/aws\"]",
      "instances": [
        {
          "schema_version": 0,
          "attributes": {
            "id": "bos-ec2-role01:secrets-manager-bos-rds",
            "name": "secrets-manager-bos-rds",
            "name_prefix": "",
            "policy": "{\"Version\":\"2012-10-17\",\"Statement\":[{\"Action\":[\"secretsmanager:GetSecretValue\"],\"Effect\":\"Allow\",\"Resource\":\"arn:aws:secretsmanager:us-east-1:460480222158:secret:bos/rds/mysql*\",\"Sid\":\"ReadSpecificSecret\"}]}",
            "role": "bos-ec2-role01"
          },
          "sensitive_attributes": [],
          "identity_schema_version": 0,
          "identity": {
            "account_id": "460480222158",
            "name": "secrets-manager-bos-rds",
            "role": "bos-ec2-role01"
          },
          "private": "bnVsbA==",
          "dependencies": [
            "aws_iam_role.bos_ec2_role01"
          ]
        }
      ]
    },
    {
      "mode": "managed",
      "type": "aws_iam_role_policy",
      "name": "bos_firehose_policy01",
      "provider": "provider[\"registry.terraform.io/hashicorp/aws\"]",
      "instances": []
    },
    {
      "mode": "managed",
      "type": "aws_iam_role_policy_attachment",
      "name": "bos_attach_lp_cwlogs01",
      "provider": "provider[\"registry.terraform.io/hashicorp/aws\"]",
      "instances": [
        {
          "schema_version": 0,
          "attributes": {
            "id": "bos-ec2-role01/arn:aws:iam::460480222158:policy/bos-lp-cwlogs01",
            "policy_arn": "arn:aws:iam::460480222158:policy/bos-lp-cwlogs01",
            "role": "bos-ec2-role01"
          },
          "sensitive_attributes": [],
          "identity_schema_version": 0,
          "identity": {
            "account_id": "460480222158",
            "policy_arn": "arn:aws:iam::460480222158:policy/bos-lp-cwlogs01",
            "role": "bos-ec2-role01"
          },
          "private": "bnVsbA==",
          "dependencies": [
            "aws_cloudwatch_log_group.bos_log_group01",
            "aws_iam_policy.bos_leastpriv_cwlogs01",
            "aws_iam_role.bos_ec2_role01"
          ]
        }
      ]
    },
    {
      "mode": "managed",
      "type": "aws_iam_role_policy_attachment",
      "name": "bos_attach_lp_params01",
      "provider": "provider[\"registry.terraform.io/hashicorp/aws\"]",
      "instances": [
        {
          "schema_version": 0,
          "attributes": {
            "id": "bos-ec2-role01/arn:aws:iam::460480222158:policy/bos-lp-ssm-read01",
            "policy_arn": "arn:aws:iam::460480222158:policy/bos-lp-ssm-read01",
            "role": "bos-ec2-role01"
          },
          "sensitive_attributes": [],
          "identity_schema_version": 0,
          "identity": {
            "account_id": "460480222158",
            "policy_arn": "arn:aws:iam::460480222158:policy/bos-lp-ssm-read01",
            "role": "bos-ec2-role01"
          },
          "private": "bnVsbA==",
          "dependencies": [
            "aws_iam_policy.bos_leastpriv_read_params01",
            "aws_iam_role.bos_ec2_role01",
            "data.aws_caller_identity.bos_self01",
            "data.aws_region.bos_region01"
          ]
        }
      ]
    },
    {
      "mode": "managed",
      "type": "aws_iam_role_policy_attachment",
      "name": "bos_attach_lp_secret01",
      "provider": "provider[\"registry.terraform.io/hashicorp/aws\"]",
      "instances": [
        {
          "schema_version": 0,
          "attributes": {
            "id": "bos-ec2-role01/arn:aws:iam::460480222158:policy/bos-lp-secrets-read01",
            "policy_arn": "arn:aws:iam::460480222158:policy/bos-lp-secrets-read01",
            "role": "bos-ec2-role01"
          },
          "sensitive_attributes": [],
          "identity_schema_version": 0,
          "identity": {
            "account_id": "460480222158",
            "policy_arn": "arn:aws:iam::460480222158:policy/bos-lp-secrets-read01",
            "role": "bos-ec2-role01"
          },
          "private": "bnVsbA==",
          "dependencies": [
            "aws_iam_policy.bos_leastpriv_read_secret01",
            "aws_iam_role.bos_ec2_role01",
            "data.aws_caller_identity.bos_self01",
            "data.aws_region.bos_region01"
          ]
        }
      ]
    },
    {
      "mode": "managed",
      "type": "aws_iam_role_policy_attachment",
      "name": "bos_ec2_cw_attach",
      "provider": "provider[\"registry.terraform.io/hashicorp/aws\"]",
      "instances": [
        {
          "schema_version": 0,
          "attributes": {
            "id": "bos-ec2-role01/arn:aws:iam::aws:policy/CloudWatchAgentServerPolicy",
            "policy_arn": "arn:aws:iam::aws:policy/CloudWatchAgentServerPolicy",
            "role": "bos-ec2-role01"
          },
          "sensitive_attributes": [],
          "identity_schema_version": 0,
          "identity": {
            "account_id": "460480222158",
            "policy_arn": "arn:aws:iam::aws:policy/CloudWatchAgentServerPolicy",
            "role": "bos-ec2-role01"
          },
          "private": "bnVsbA==",
          "dependencies": [
            "aws_iam_role.bos_ec2_role01"
          ]
        }
      ]
    },
    {
      "mode": "managed",
      "type": "aws_iam_role_policy_attachment",
      "name": "bos_ec2_ssm_attach",
      "provider": "provider[\"registry.terraform.io/hashicorp/aws\"]",
      "instances": [
        {
          "schema_version": 0,
          "attributes": {
            "id": "bos-ec2-role01/arn:aws:iam::aws:policy/AmazonSSMManagedInstanceCore",
            "policy_arn": "arn:aws:iam::aws:policy/AmazonSSMManagedInstanceCore",
            "role": "bos-ec2-role01"
          },
          "sensitive_attributes": [],
          "identity_schema_version": 0,
          "identity": {
            "account_id": "460480222158",
            "policy_arn": "arn:aws:iam::aws:policy/AmazonSSMManagedInstanceCore",
            "role": "bos-ec2-role01"
          },
          "private": "bnVsbA==",
          "dependencies": [
            "aws_iam_role.bos_ec2_role01"
          ]
        }
      ]
    },
    {
      "mode": "managed",
      "type": "aws_iam_role_policy_attachment",
      "name": "bos_ir_lambda_attach01",
      "provider": "provider[\"registry.terraform.io/hashicorp/aws\"]",
      "instances": [
        {
          "schema_version": 0,
          "attributes": {
            "id": "bos-ir-lambda-role01/arn:aws:iam::460480222158:policy/bos-ir-lambda-policy01",
            "policy_arn": "arn:aws:iam::460480222158:policy/bos-ir-lambda-policy01",
            "role": "bos-ir-lambda-role01"
          },
          "sensitive_attributes": [],
          "identity_schema_version": 0,
          "identity": {
            "account_id": "460480222158",
            "policy_arn": "arn:aws:iam::460480222158:policy/bos-ir-lambda-policy01",
            "role": "bos-ir-lambda-role01"
          },
          "private": "bnVsbA==",
          "dependencies": [
            "aws_iam_policy.bos_ir_lambda_policy01",
            "aws_iam_role.bos_ir_lambda_role01",
            "aws_s3_bucket.bos_ir_reports_bucket01",
            "data.aws_caller_identity.current"
          ]
        }
      ]
    },
    {
      "mode": "managed",
      "type": "aws_iam_role_policy_attachment",
      "name": "bos_ir_lambda_basiclogs01",
      "provider": "provider[\"registry.terraform.io/hashicorp/aws\"]",
      "instances": [
        {
          "schema_version": 0,
          "attributes": {
            "id": "bos-ir-lambda-role01/arn:aws:iam::aws:policy/service-role/AWSLambdaBasicExecutionRole",
            "policy_arn": "arn:aws:iam::aws:policy/service-role/AWSLambdaBasicExecutionRole",
            "role": "bos-ir-lambda-role01"
          },
          "sensitive_attributes": [],
          "identity_schema_version": 0,
          "identity": {
            "account_id": "460480222158",
            "policy_arn": "arn:aws:iam::aws:policy/service-role/AWSLambdaBasicExecutionRole",
            "role": "bos-ir-lambda-role01"
          },
          "private": "bnVsbA==",
          "dependencies": [
            "aws_iam_role.bos_ir_lambda_role01"
          ]
        }
      ]
    },
    {
      "mode": "managed",
      "type": "aws_instance",
      "name": "bos_ec201",
      "provider": "provider[\"registry.terraform.io/hashicorp/aws\"]",
      "instances": [
        {
          "schema_version": 2,
          "attributes": {
            "ami": "ami-068c0051b15cdb816",
            "arn": "arn:aws:ec2:us-east-1:460480222158:instance/i-0cb487eac6b1da19a",
            "associate_public_ip_address": true,
            "availability_zone": "us-east-1a",
            "capacity_reservation_specification": [
              {
                "capacity_reservation_preference": "open",
                "capacity_reservation_target": []
              }
            ],
            "cpu_options": [
              {
                "amd_sev_snp": "",
                "core_count": 1,
                "threads_per_core": 2
              }
            ],
            "credit_specification": [
              {
                "cpu_credits": "unlimited"
              }
            ],
            "disable_api_stop": false,
            "disable_api_termination": false,
            "ebs_block_device": [],
            "ebs_optimized": false,
            "enable_primary_ipv6": null,
            "enclave_options": [
              {
                "enabled": false
              }
            ],
            "ephemeral_block_device": [],
            "force_destroy": false,
            "get_password_data": false,
            "hibernation": false,
            "host_id": "",
            "host_resource_group_arn": null,
            "iam_instance_profile": "bos-instance-profile01",
            "id": "i-0cb487eac6b1da19a",
            "instance_initiated_shutdown_behavior": "stop",
            "instance_lifecycle": "",
            "instance_market_options": [],
            "instance_state": "running",
            "instance_type": "t3.micro",
            "ipv6_address_count": 0,
            "ipv6_addresses": [],
            "key_name": "",
            "launch_template": [],
            "maintenance_options": [
              {
                "auto_recovery": "default"
              }
            ],
            "metadata_options": [
              {
                "http_endpoint": "enabled",
                "http_protocol_ipv6": "disabled",
                "http_put_response_hop_limit": 2,
                "http_tokens": "required",
                "instance_metadata_tags": "disabled"
              }
            ],
            "monitoring": false,
            "network_interface": [],
            "outpost_arn": "",
            "password_data": "",
            "placement_group": "",
            "placement_group_id": "",
            "placement_partition_number": 0,
            "primary_network_interface": [
              {
                "delete_on_termination": true,
                "network_interface_id": "eni-02666e2cf00edd276"
              }
            ],
            "primary_network_interface_id": "eni-02666e2cf00edd276",
            "private_dns": "ip-10-26-1-237.ec2.internal",
            "private_dns_name_options": [
              {
                "enable_resource_name_dns_a_record": false,
                "enable_resource_name_dns_aaaa_record": false,
                "hostname_type": "ip-name"
              }
            ],
            "private_ip": "10.26.1.237",
            "public_dns": "ec2-44-192-4-241.compute-1.amazonaws.com",
            "public_ip": "44.192.4.241",
            "region": "us-east-1",
            "root_block_device": [
              {
                "delete_on_termination": true,
                "device_name": "/dev/xvda",
                "encrypted": false,
                "iops": 3000,
                "kms_key_id": "",
                "tags": {},
                "tags_all": {},
                "throughput": 125,
                "volume_id": "vol-0da42653d87c75ea2",
                "volume_size": 8,
                "volume_type": "gp3"
              }
            ],
            "secondary_private_ips": [],
            "security_groups": [],
            "source_dest_check": true,
            "spot_instance_request_id": "",
            "subnet_id": "subnet-0c85a0a825cfcc834",
            "tags": {
              "Name": "bos-ec201"
            },
            "tags_all": {
              "Name": "bos-ec201"
            },
            "tenancy": "default",
            "timeouts": null,
            "user_data": "#!/bin/bash\r\ncloud-init clean\r\ndnf update -y\r\ndnf install -y python3-pip\r\ndnf install -y mariadb105\r\npip3 install flask pymysql boto3\r\n\r\nmkdir -p /opt/rdsapp\r\ncat \u003e/opt/rdsapp/app.py \u003c\u003c'PY'\r\nimport json\r\nimport os\r\nimport boto3\r\nimport pymysql\r\nimport logging\r\nfrom flask import Flask, request\r\n\r\n# Setup logging\r\nlogging.basicConfig(\r\n    filename='/opt/rdsapp/app.log',\r\n    level=logging.INFO,\r\n    format='%(asctime)s %(levelname)s %(name)s %(threadName)s : %(message)s'\r\n)\r\nlogger = logging.getLogger(__name__)\r\n\r\nREGION = os.environ.get(\"AWS_REGION\", \"us-east-1\")\r\nSECRET_ID = os.environ.get(\"SECRET_ID\", \"bos/rds/mysql\")\r\nsecrets = boto3.client(\"secretsmanager\", region_name=REGION)\r\n\r\ndef get_db_creds():\r\n    try:\r\n        resp = secrets.get_secret_value(SecretId=SECRET_ID)\r\n        s = json.loads(resp[\"SecretString\"])\r\n        return s\r\n    except Exception as e:\r\n        logger.error(f\"Failed to retrieve secret {SECRET_ID}: {str(e)}\")\r\n        raise\r\n\r\ndef get_conn():\r\n    c = get_db_creds()\r\n    host = c[\"host\"]\r\n    user = c[\"username\"]\r\n    password = c[\"password\"]\r\n    port = int(c.get(\"port\", 3306))\r\n    db = c.get(\"dbname\", \"labdb\")\r\n    try:\r\n        return pymysql.connect(host=host, user=user, password=password, port=port, database=db, autocommit=True)\r\n    except Exception as e:\r\n        logger.error(f\"DB connection failed: {str(e)}\")\r\n        raise\r\n\r\napp = Flask(__name__)\r\n\r\n@app.route(\"/\")\r\ndef home():\r\n    logger.info(\"Accessed home page\")\r\n    return \"\"\"\r\n    \u003ch2\u003eEC2 → RDS Notes App\u003c/h2\u003e\r\n    \u003cp\u003ePOST /add?note=hello\u003c/p\u003e\r\n    \u003cp\u003eGET /list\u003c/p\u003e\r\n    \"\"\"\r\n\r\n@app.route(\"/init\")\r\ndef init_db():\r\n    logger.info(\"Initializing database\")\r\n    c = get_db_creds()\r\n    host = c[\"host\"]\r\n    user = c[\"username\"]\r\n    password = c[\"password\"]\r\n    port = int(c.get(\"port\", 3306))\r\n    try:\r\n        conn = pymysql.connect(host=host, user=user, password=password, port=port, autocommit=True)\r\n        cur = conn.cursor()\r\n        cur.execute(\"CREATE DATABASE IF NOT EXISTS labdb;\")\r\n        cur.execute(\"USE labdb;\")\r\n        cur.execute(\"\"\"\r\n            CREATE TABLE IF NOT EXISTS notes (\r\n                id INT AUTO_INCREMENT PRIMARY KEY,\r\n                note VARCHAR(255) NOT NULL\r\n            );\r\n        \"\"\")\r\n        cur.close()\r\n        conn.close()\r\n        logger.info(\"Database and table initialized successfully\")\r\n        return \"Initialized labdb + notes table.\"\r\n    except Exception as e:\r\n        logger.error(f\"DB init failed: {str(e)}\")\r\n        return f\"Initialization failed: {str(e)}\", 500\r\n\r\n@app.route(\"/add\", methods=[\"POST\", \"GET\"])\r\ndef add_note():\r\n    note = request.args.get(\"note\", \"\").strip()\r\n    if not note:\r\n        logger.warning(\"Add note requested without 'note' parameter\")\r\n        return \"Missing note param. Try: /add?note=hello\", 400\r\n    try:\r\n        conn = get_conn()\r\n        cur = conn.cursor()\r\n        cur.execute(\"INSERT INTO notes(note) VALUES(%s);\", (note,))\r\n        cur.close()\r\n        conn.close()\r\n        logger.info(f\"Inserted note: {note}\")\r\n        return f\"Inserted note: {note}\"\r\n    except Exception as e:\r\n        logger.error(f\"Add note failed: {str(e)}\")\r\n        return f\"Insert failed: {str(e)}\", 500\r\n\r\n@app.route(\"/list\")\r\ndef list_notes():\r\n    logger.info(\"Listing notes\")\r\n    try:\r\n        conn = get_conn()\r\n        cur = conn.cursor()\r\n        cur.execute(\"SELECT id, note FROM notes ORDER BY id DESC;\")\r\n        rows = cur.fetchall()\r\n        cur.close()\r\n        conn.close()\r\n        out = \"\u003ch3\u003eNotes\u003c/h3\u003e\u003cul\u003e\"\r\n        for r in rows:\r\n            out += f\"\u003cli\u003e{r[0]}: {r[1]}\u003c/li\u003e\"\r\n        out += \"\u003c/ul\u003e\"\r\n        if not rows:\r\n            out = \"No notes yet.\"\r\n            logger.info(\"No notes found\")\r\n        else:\r\n            logger.info(f\"Retrieved {len(rows)} notes\")\r\n        return out\r\n    except Exception as e:\r\n        logger.error(f\"List notes failed: {str(e)}\")\r\n        return f\"Cannot list notes: {str(e)}\", 500\r\n\r\nif __name__ == \"__main__\":\r\n    logger.info(\"Starting Flask app\")\r\n    app.run(host=\"0.0.0.0\", port=80)\r\nPY\r\n\r\ncat \u003e/etc/systemd/system/rdsapp.service \u003c\u003c'SERVICE'\r\n[Unit]\r\nDescription=EC2 to RDS Notes App\r\nAfter=network.target\r\n\r\n[Service]\r\nWorkingDirectory=/opt/rdsapp\r\nEnvironment=SECRET_ID=bos/rds/mysql\r\nExecStart=/usr/bin/python3 /opt/rdsapp/app.py\r\nRestart=always\r\n\r\n[Install]\r\nWantedBy=multi-user.target\r\nSERVICE\r\n\r\nsystemctl daemon-reload\r\nsystemctl enable rdsapp\r\nsystemctl start rdsapp\r\n\r\n=== ADD CLOUDWATCH AGENT BELOW THIS LINE ===\r\n# Install unified CloudWatch Agent\r\nwget https://s3.amazonaws.com/amazoncloudwatch-agent-us-east-1/amazon_linux/amd64/latest/amazon-cloudwatch-agent.rpm\r\nrpm -U ./amazon-cloudwatch-agent.rpm\r\n\r\n# Create config directory if needed\r\nmkdir -p /opt/aws/amazon-cloudwatch-agent/bin\r\n\r\ncat \u003e/opt/aws/amazon-cloudwatch-agent/bin/config.json \u003c\u003c'EOF'\r\n{\r\n  \"agent\": {\r\n    \"run_as_user\": \"cwagent\"\r\n  },\r\n  \"logs\": {\r\n    \"logs_collected\": {\r\n      \"files\": {\r\n        \"collect_list\": [\r\n          {\r\n            \"file_path\": \"/opt/rdsapp/*.log\",\r\n            \"log_group_name\": \"/aws/ec2/bos-rds-app\",\r\n            \"log_stream_name\": \"{instance_id}\"\r\n          }\r\n        ]\r\n      }\r\n    }\r\n  }\r\n}\r\nEOF\r\n\r\n# Start the agent\r\n/opt/aws/amazon-cloudwatch-agent/bin/amazon-cloudwatch-agent-ctl \\\r\n  -a fetch-config -m ec2 \\\r\n  -c file:/opt/aws/amazon-cloudwatch-agent/bin/config.json -s\r\n\r\n# Test log\r\nlogger \"RDS App and CloudWatch Agent started successfully $(date)\"",
            "user_data_base64": null,
            "user_data_replace_on_change": false,
            "volume_tags": null,
            "vpc_security_group_ids": [
              "sg-0d65a3013e76a91d2"
            ]
          },
          "sensitive_attributes": [],
          "identity_schema_version": 0,
          "identity": {
            "account_id": "460480222158",
            "id": "i-0cb487eac6b1da19a",
            "region": "us-east-1"
          },
          "private": "eyJlMmJmYjczMC1lY2FhLTExZTYtOGY4OC0zNDM2M2JjN2M0YzAiOnsiY3JlYXRlIjo2MDAwMDAwMDAwMDAsImRlbGV0ZSI6MTIwMDAwMDAwMDAwMCwicmVhZCI6OTAwMDAwMDAwMDAwLCJ1cGRhdGUiOjYwMDAwMDAwMDAwMH0sInNjaGVtYV92ZXJzaW9uIjoiMiJ9",
          "dependencies": [
            "aws_iam_instance_profile.bos_instance_profile01",
            "aws_iam_role.bos_ec2_role01",
            "aws_security_group.bos_ec2_sg01",
            "aws_subnet.bos_public_subnets",
            "aws_vpc.bos_vpc01"
          ]
        }
      ]
    },
    {
      "mode": "managed",
      "type": "aws_instance",
      "name": "bos_ec201_private_bonus",
      "provider": "provider[\"registry.terraform.io/hashicorp/aws\"]",
      "instances": [
        {
          "schema_version": 2,
          "attributes": {
            "ami": "ami-068c0051b15cdb816",
            "arn": "arn:aws:ec2:us-east-1:460480222158:instance/i-0fdd40442d7a14a98",
            "associate_public_ip_address": false,
            "availability_zone": "us-east-1a",
            "capacity_reservation_specification": [
              {
                "capacity_reservation_preference": "open",
                "capacity_reservation_target": []
              }
            ],
            "cpu_options": [
              {
                "amd_sev_snp": "",
                "core_count": 1,
                "threads_per_core": 2
              }
            ],
            "credit_specification": [
              {
                "cpu_credits": "unlimited"
              }
            ],
            "disable_api_stop": false,
            "disable_api_termination": false,
            "ebs_block_device": [],
            "ebs_optimized": false,
            "enable_primary_ipv6": null,
            "enclave_options": [
              {
                "enabled": false
              }
            ],
            "ephemeral_block_device": [],
            "force_destroy": false,
            "get_password_data": false,
            "hibernation": false,
            "host_id": "",
            "host_resource_group_arn": null,
            "iam_instance_profile": "bos-instance-profile01",
            "id": "i-0fdd40442d7a14a98",
            "instance_initiated_shutdown_behavior": "stop",
            "instance_lifecycle": "",
            "instance_market_options": [],
            "instance_state": "running",
            "instance_type": "t3.micro",
            "ipv6_address_count": 0,
            "ipv6_addresses": [],
            "key_name": "",
            "launch_template": [],
            "maintenance_options": [
              {
                "auto_recovery": "default"
              }
            ],
            "metadata_options": [
              {
                "http_endpoint": "enabled",
                "http_protocol_ipv6": "disabled",
                "http_put_response_hop_limit": 2,
                "http_tokens": "required",
                "instance_metadata_tags": "disabled"
              }
            ],
            "monitoring": false,
            "network_interface": [],
            "outpost_arn": "",
            "password_data": "",
            "placement_group": "",
            "placement_group_id": "",
            "placement_partition_number": 0,
            "primary_network_interface": [
              {
                "delete_on_termination": true,
                "network_interface_id": "eni-0dcda781b9e37b9dc"
              }
            ],
            "primary_network_interface_id": "eni-0dcda781b9e37b9dc",
            "private_dns": "ip-10-26-101-184.ec2.internal",
            "private_dns_name_options": [
              {
                "enable_resource_name_dns_a_record": false,
                "enable_resource_name_dns_aaaa_record": false,
                "hostname_type": "ip-name"
              }
            ],
            "private_ip": "10.26.101.184",
            "public_dns": "",
            "public_ip": "",
            "region": "us-east-1",
            "root_block_device": [
              {
                "delete_on_termination": true,
                "device_name": "/dev/xvda",
                "encrypted": false,
                "iops": 3000,
                "kms_key_id": "",
                "tags": {},
                "tags_all": {},
                "throughput": 125,
                "volume_id": "vol-0f4cd787af621b7ed",
                "volume_size": 8,
                "volume_type": "gp3"
              }
            ],
            "secondary_private_ips": [],
            "security_groups": [],
            "source_dest_check": true,
            "spot_instance_request_id": "",
            "subnet_id": "subnet-03e1fadc0b711957a",
            "tags": {
              "Name": "bos-ec201-private"
            },
            "tags_all": {
              "Name": "bos-ec201-private"
            },
            "tenancy": "default",
            "timeouts": null,
            "user_data": "#!/bin/bash\r\ncloud-init clean\r\ndnf update -y\r\ndnf install -y python3-pip\r\ndnf install -y mariadb105\r\npip3 install flask pymysql boto3\r\n\r\nmkdir -p /opt/rdsapp\r\ncat \u003e/opt/rdsapp/app.py \u003c\u003c'PY'\r\nimport json\r\nimport os\r\nimport boto3\r\nimport pymysql\r\nimport logging\r\nfrom flask import Flask, request\r\n\r\n# Setup logging\r\nlogging.basicConfig(\r\n    filename='/opt/rdsapp/app.log',\r\n    level=logging.INFO,\r\n    format='%(asctime)s %(levelname)s %(name)s %(threadName)s : %(message)s'\r\n)\r\nlogger = logging.getLogger(__name__)\r\n\r\nREGION = os.environ.get(\"AWS_REGION\", \"us-east-1\")\r\nSECRET_ID = os.environ.get(\"SECRET_ID\", \"bos/rds/mysql\")\r\nsecrets = boto3.client(\"secretsmanager\", region_name=REGION)\r\n\r\ndef get_db_creds():\r\n    try:\r\n        resp = secrets.get_secret_value(SecretId=SECRET_ID)\r\n        s = json.loads(resp[\"SecretString\"])\r\n        return s\r\n    except Exception as e:\r\n        logger.error(f\"Failed to retrieve secret {SECRET_ID}: {str(e)}\")\r\n        raise\r\n\r\ndef get_conn():\r\n    c = get_db_creds()\r\n    host = c[\"host\"]\r\n    user = c[\"username\"]\r\n    password = c[\"password\"]\r\n    port = int(c.get(\"port\", 3306))\r\n    db = c.get(\"dbname\", \"labdb\")\r\n    try:\r\n        return pymysql.connect(host=host, user=user, password=password, port=port, database=db, autocommit=True)\r\n    except Exception as e:\r\n        logger.error(f\"DB connection failed: {str(e)}\")\r\n        raise\r\n\r\napp = Flask(__name__)\r\n\r\n@app.route(\"/\")\r\ndef home():\r\n    logger.info(\"Accessed home page\")\r\n    return \"\"\"\r\n    \u003ch2\u003eEC2 → RDS Notes App\u003c/h2\u003e\r\n    \u003cp\u003ePOST /add?note=hello\u003c/p\u003e\r\n    \u003cp\u003eGET /list\u003c/p\u003e\r\n    \"\"\"\r\n\r\n@app.route(\"/init\")\r\ndef init_db():\r\n    logger.info(\"Initializing database\")\r\n    c = get_db_creds()\r\n    host = c[\"host\"]\r\n    user = c[\"username\"]\r\n    password = c[\"password\"]\r\n    port = int(c.get(\"port\", 3306))\r\n    try:\r\n        conn = pymysql.connect(host=host, user=user, password=password, port=port, autocommit=True)\r\n        cur = conn.cursor()\r\n        cur.execute(\"CREATE DATABASE IF NOT EXISTS labdb;\")\r\n        cur.execute(\"USE labdb;\")\r\n        cur.execute(\"\"\"\r\n            CREATE TABLE IF NOT EXISTS notes (\r\n                id INT AUTO_INCREMENT PRIMARY KEY,\r\n                note VARCHAR(255) NOT NULL\r\n            );\r\n        \"\"\")\r\n        cur.close()\r\n        conn.close()\r\n        logger.info(\"Database and table initialized successfully\")\r\n        return \"Initialized labdb + notes table.\"\r\n    except Exception as e:\r\n        logger.error(f\"DB init failed: {str(e)}\")\r\n        return f\"Initialization failed: {str(e)}\", 500\r\n\r\n@app.route(\"/add\", methods=[\"POST\", \"GET\"])\r\ndef add_note():\r\n    note = request.args.get(\"note\", \"\").strip()\r\n    if not note:\r\n        logger.warning(\"Add note requested without 'note' parameter\")\r\n        return \"Missing note param. Try: /add?note=hello\", 400\r\n    try:\r\n        conn = get_conn()\r\n        cur = conn.cursor()\r\n        cur.execute(\"INSERT INTO notes(note) VALUES(%s);\", (note,))\r\n        cur.close()\r\n        conn.close()\r\n        logger.info(f\"Inserted note: {note}\")\r\n        return f\"Inserted note: {note}\"\r\n    except Exception as e:\r\n        logger.error(f\"Add note failed: {str(e)}\")\r\n        return f\"Insert failed: {str(e)}\", 500\r\n\r\n@app.route(\"/list\")\r\ndef list_notes():\r\n    logger.info(\"Listing notes\")\r\n    try:\r\n        conn = get_conn()\r\n        cur = conn.cursor()\r\n        cur.execute(\"SELECT id, note FROM notes ORDER BY id DESC;\")\r\n        rows = cur.fetchall()\r\n        cur.close()\r\n        conn.close()\r\n        out = \"\u003ch3\u003eNotes\u003c/h3\u003e\u003cul\u003e\"\r\n        for r in rows:\r\n            out += f\"\u003cli\u003e{r[0]}: {r[1]}\u003c/li\u003e\"\r\n        out += \"\u003c/ul\u003e\"\r\n        if not rows:\r\n            out = \"No notes yet.\"\r\n            logger.info(\"No notes found\")\r\n        else:\r\n            logger.info(f\"Retrieved {len(rows)} notes\")\r\n        return out\r\n    except Exception as e:\r\n        logger.error(f\"List notes failed: {str(e)}\")\r\n        return f\"Cannot list notes: {str(e)}\", 500\r\n\r\nif __name__ == \"__main__\":\r\n    logger.info(\"Starting Flask app\")\r\n    app.run(host=\"0.0.0.0\", port=80)\r\nPY\r\n\r\ncat \u003e/etc/systemd/system/rdsapp.service \u003c\u003c'SERVICE'\r\n[Unit]\r\nDescription=EC2 to RDS Notes App\r\nAfter=network.target\r\n\r\n[Service]\r\nWorkingDirectory=/opt/rdsapp\r\nEnvironment=SECRET_ID=bos/rds/mysql\r\nExecStart=/usr/bin/python3 /opt/rdsapp/app.py\r\nRestart=always\r\n\r\n[Install]\r\nWantedBy=multi-user.target\r\nSERVICE\r\n\r\nsystemctl daemon-reload\r\nsystemctl enable rdsapp\r\nsystemctl start rdsapp\r\n\r\n=== ADD CLOUDWATCH AGENT BELOW THIS LINE ===\r\n# Install unified CloudWatch Agent\r\nwget https://s3.amazonaws.com/amazoncloudwatch-agent-us-east-1/amazon_linux/amd64/latest/amazon-cloudwatch-agent.rpm\r\nrpm -U ./amazon-cloudwatch-agent.rpm\r\n\r\n# Create config directory if needed\r\nmkdir -p /opt/aws/amazon-cloudwatch-agent/bin\r\n\r\ncat \u003e/opt/aws/amazon-cloudwatch-agent/bin/config.json \u003c\u003c'EOF'\r\n{\r\n  \"agent\": {\r\n    \"run_as_user\": \"cwagent\"\r\n  },\r\n  \"logs\": {\r\n    \"logs_collected\": {\r\n      \"files\": {\r\n        \"collect_list\": [\r\n          {\r\n            \"file_path\": \"/opt/rdsapp/*.log\",\r\n            \"log_group_name\": \"/aws/ec2/bos-rds-app\",\r\n            \"log_stream_name\": \"{instance_id}\"\r\n          }\r\n        ]\r\n      }\r\n    }\r\n  }\r\n}\r\nEOF\r\n\r\n# Start the agent\r\n/opt/aws/amazon-cloudwatch-agent/bin/amazon-cloudwatch-agent-ctl \\\r\n  -a fetch-config -m ec2 \\\r\n  -c file:/opt/aws/amazon-cloudwatch-agent/bin/config.json -s\r\n\r\n# Test log\r\nlogger \"RDS App and CloudWatch Agent started successfully $(date)\"",
            "user_data_base64": null,
            "user_data_replace_on_change": false,
            "volume_tags": null,
            "vpc_security_group_ids": [
              "sg-0d65a3013e76a91d2"
            ]
          },
          "sensitive_attributes": [],
          "identity_schema_version": 0,
          "identity": {
            "account_id": "460480222158",
            "id": "i-0fdd40442d7a14a98",
            "region": "us-east-1"
          },
          "private": "eyJlMmJmYjczMC1lY2FhLTExZTYtOGY4OC0zNDM2M2JjN2M0YzAiOnsiY3JlYXRlIjo2MDAwMDAwMDAwMDAsImRlbGV0ZSI6MTIwMDAwMDAwMDAwMCwicmVhZCI6OTAwMDAwMDAwMDAwLCJ1cGRhdGUiOjYwMDAwMDAwMDAwMH0sInNjaGVtYV92ZXJzaW9uIjoiMiJ9",
          "dependencies": [
            "aws_iam_instance_profile.bos_instance_profile01",
            "aws_iam_role.bos_ec2_role01",
            "aws_security_group.bos_ec2_sg01",
            "aws_subnet.bos_private_subnets",
            "aws_vpc.bos_vpc01"
          ]
        }
      ]
    },
    {
      "mode": "managed",
      "type": "aws_internet_gateway",
      "name": "bos_igw01",
      "provider": "provider[\"registry.terraform.io/hashicorp/aws\"]",
      "instances": [
        {
          "schema_version": 0,
          "attributes": {
            "arn": "arn:aws:ec2:us-east-1:460480222158:internet-gateway/igw-05ad035f02aa40c17",
            "id": "igw-05ad035f02aa40c17",
            "owner_id": "460480222158",
            "region": "us-east-1",
            "tags": {
              "Name": "bos-igw01"
            },
            "tags_all": {
              "Name": "bos-igw01"
            },
            "timeouts": null,
            "vpc_id": "vpc-0f4559f19f5d9e577"
          },
          "sensitive_attributes": [],
          "identity_schema_version": 0,
          "private": "eyJlMmJmYjczMC1lY2FhLTExZTYtOGY4OC0zNDM2M2JjN2M0YzAiOnsiY3JlYXRlIjoxMjAwMDAwMDAwMDAwLCJkZWxldGUiOjEyMDAwMDAwMDAwMDAsInVwZGF0ZSI6MTIwMDAwMDAwMDAwMH19",
          "dependencies": [
            "aws_vpc.bos_vpc01"
          ]
        }
      ]
    },
    {
      "mode": "managed",
      "type": "aws_kinesis_firehose_delivery_stream",
      "name": "bos_waf_firehose01",
      "provider": "provider[\"registry.terraform.io/hashicorp/aws\"]",
      "instances": []
    },
    {
      "mode": "managed",
      "type": "aws_lambda_function",
      "name": "bos_ir_lambda01",
      "provider": "provider[\"registry.terraform.io/hashicorp/aws\"]",
      "instances": [
        {
          "schema_version": 0,
          "attributes": {
            "architectures": [
              "x86_64"
            ],
            "arn": "arn:aws:lambda:us-east-1:460480222158:function:bos-ir-reporter01",
            "capacity_provider_config": [],
            "code_sha256": "2gghzjbXI4zmrLlVt9SktvwbHmU4zM3IleaWTC0r2js=",
            "code_signing_config_arn": "",
            "dead_letter_config": [],
            "description": "",
            "durable_config": [],
            "environment": [
              {
                "variables": {
                  "APP_LOG_GROUP": "/aws/ec2/bos-rds-app",
                  "BEDROCK_MODEL_ID": "anthropic.claude-3-sonnet-20240229-v1:0",
                  "REPORT_BUCKET": "bos-ir-reports-460480222158",
                  "SECRET_ID": "bos/rds/mysql",
                  "SNS_TOPIC_ARN": "arn:aws:sns:us-east-1:460480222158:bos-db-incidents",
                  "SSM_PARAM_PATH": "/lab/db/",
                  "WAF_LOG_GROUP": "aws-waf-logs-bos-webacl01"
                }
              }
            ],
            "ephemeral_storage": [
              {
                "size": 512
              }
            ],
            "file_system_config": [],
            "filename": "./lambda_ir_reporter.zip",
            "function_name": "bos-ir-reporter01",
            "handler": "handler.lambda_handler",
            "id": "bos-ir-reporter01",
            "image_config": [],
            "image_uri": "",
            "invoke_arn": "arn:aws:apigateway:us-east-1:lambda:path/2015-03-31/functions/arn:aws:lambda:us-east-1:460480222158:function:bos-ir-reporter01/invocations",
            "kms_key_arn": "",
            "last_modified": "2026-01-13T22:10:46.782+0000",
            "layers": [],
            "logging_config": [
              {
                "application_log_level": "",
                "log_format": "Text",
                "log_group": "/aws/lambda/bos-ir-reporter01",
                "system_log_level": ""
              }
            ],
            "memory_size": 128,
            "package_type": "Zip",
            "publish": false,
            "publish_to": null,
            "qualified_arn": "arn:aws:lambda:us-east-1:460480222158:function:bos-ir-reporter01:$LATEST",
            "qualified_invoke_arn": "arn:aws:apigateway:us-east-1:lambda:path/2015-03-31/functions/arn:aws:lambda:us-east-1:460480222158:function:bos-ir-reporter01:$LATEST/invocations",
            "region": "us-east-1",
            "replace_security_groups_on_destroy": null,
            "replacement_security_group_ids": null,
            "reserved_concurrent_executions": -1,
            "role": "arn:aws:iam::460480222158:role/bos-ir-lambda-role01",
            "runtime": "python3.11",
            "s3_bucket": null,
            "s3_key": null,
            "s3_object_version": null,
            "signing_job_arn": "",
            "signing_profile_version_arn": "",
            "skip_destroy": false,
            "snap_start": [],
            "source_code_hash": "2gghzjbXI4zmrLlVt9SktvwbHmU4zM3IleaWTC0r2js=",
            "source_code_size": 3204,
            "source_kms_key_arn": "",
            "tags": {},
            "tags_all": {},
            "tenancy_config": [],
            "timeout": 60,
            "timeouts": null,
            "tracing_config": [
              {
                "mode": "PassThrough"
              }
            ],
            "version": "$LATEST",
            "vpc_config": []
          },
          "sensitive_attributes": [],
          "identity_schema_version": 0,
          "identity": {
            "account_id": "460480222158",
            "function_name": "bos-ir-reporter01",
            "region": "us-east-1"
          },
          "private": "eyJlMmJmYjczMC1lY2FhLTExZTYtOGY4OC0zNDM2M2JjN2M0YzAiOnsiY3JlYXRlIjo2MDAwMDAwMDAwMDAsImRlbGV0ZSI6NjAwMDAwMDAwMDAwLCJ1cGRhdGUiOjYwMDAwMDAwMDAwMH19",
          "dependencies": [
            "aws_iam_role.bos_ir_lambda_role01",
            "aws_s3_bucket.bos_ir_reports_bucket01",
            "aws_sns_topic.bos_sns_topic01",
            "data.archive_file.bos_lambda_package",
            "data.aws_caller_identity.current"
          ]
        }
      ]
    },
    {
      "mode": "managed",
      "type": "aws_lambda_permission",
      "name": "bos_allow_sns_invoke01",
      "provider": "provider[\"registry.terraform.io/hashicorp/aws\"]",
      "instances": [
        {
          "schema_version": 0,
          "attributes": {
            "action": "lambda:InvokeFunction",
            "event_source_token": null,
            "function_name": "bos-ir-reporter01",
            "function_url_auth_type": null,
            "id": "AllowExecutionFromSNS",
            "principal": "sns.amazonaws.com",
            "principal_org_id": null,
            "qualifier": "",
            "region": "us-east-1",
            "source_account": null,
            "source_arn": "arn:aws:sns:us-east-1:460480222158:bos-db-incidents",
            "statement_id": "AllowExecutionFromSNS",
            "statement_id_prefix": ""
          },
          "sensitive_attributes": [],
          "identity_schema_version": 0,
          "identity": {
            "account_id": "460480222158",
            "function_name": "bos-ir-reporter01",
            "qualifier": null,
            "region": "us-east-1",
            "statement_id": "AllowExecutionFromSNS"
          },
          "private": "bnVsbA==",
          "dependencies": [
            "aws_iam_role.bos_ir_lambda_role01",
            "aws_lambda_function.bos_ir_lambda01",
            "aws_s3_bucket.bos_ir_reports_bucket01",
            "aws_sns_topic.bos_sns_topic01",
            "data.archive_file.bos_lambda_package",
            "data.aws_caller_identity.current"
          ]
        }
      ]
    },
    {
      "mode": "managed",
      "type": "aws_lb",
      "name": "bos_alb01",
      "provider": "provider[\"registry.terraform.io/hashicorp/aws\"]",
      "instances": [
        {
          "schema_version": 0,
          "attributes": {
            "access_logs": [
              {
                "bucket": "",
                "enabled": false,
                "prefix": ""
              }
            ],
            "arn": "arn:aws:elasticloadbalancing:us-east-1:460480222158:loadbalancer/app/bos-alb01/b2d9cacc88700439",
            "arn_suffix": "app/bos-alb01/b2d9cacc88700439",
            "client_keep_alive": 3600,
            "connection_logs": [
              {
                "bucket": "",
                "enabled": false,
                "prefix": ""
              }
            ],
            "customer_owned_ipv4_pool": "",
            "desync_mitigation_mode": "defensive",
            "dns_name": "bos-alb01-207011079.us-east-1.elb.amazonaws.com",
            "dns_record_client_routing_policy": null,
            "drop_invalid_header_fields": false,
            "enable_cross_zone_load_balancing": true,
            "enable_deletion_protection": false,
            "enable_http2": true,
            "enable_tls_version_and_cipher_suite_headers": false,
            "enable_waf_fail_open": false,
            "enable_xff_client_port": false,
            "enable_zonal_shift": false,
            "enforce_security_group_inbound_rules_on_private_link_traffic": "",
            "health_check_logs": [
              {
                "bucket": "",
                "enabled": false,
                "prefix": ""
              }
            ],
            "id": "arn:aws:elasticloadbalancing:us-east-1:460480222158:loadbalancer/app/bos-alb01/b2d9cacc88700439",
            "idle_timeout": 60,
            "internal": false,
            "ip_address_type": "ipv4",
            "ipam_pools": [],
            "load_balancer_type": "application",
            "minimum_load_balancer_capacity": [],
            "name": "bos-alb01",
            "name_prefix": "",
            "preserve_host_header": false,
            "region": "us-east-1",
            "secondary_ips_auto_assigned_per_subnet": null,
            "security_groups": [
              "sg-08b0c802102379a49"
            ],
            "subnet_mapping": [
              {
                "allocation_id": "",
                "ipv6_address": "",
                "outpost_id": "",
                "private_ipv4_address": "",
                "subnet_id": "subnet-050d58a4f5d869c4d"
              },
              {
                "allocation_id": "",
                "ipv6_address": "",
                "outpost_id": "",
                "private_ipv4_address": "",
                "subnet_id": "subnet-0c85a0a825cfcc834"
              }
            ],
            "subnets": [
              "subnet-050d58a4f5d869c4d",
              "subnet-0c85a0a825cfcc834"
            ],
            "tags": {
              "Name": "bos-alb01"
            },
            "tags_all": {
              "Name": "bos-alb01"
            },
            "timeouts": null,
            "vpc_id": "vpc-0f4559f19f5d9e577",
            "xff_header_processing_mode": "append",
            "zone_id": "Z35SXDOTRQ7X7K"
          },
          "sensitive_attributes": [],
          "identity_schema_version": 0,
          "identity": {
            "arn": "arn:aws:elasticloadbalancing:us-east-1:460480222158:loadbalancer/app/bos-alb01/b2d9cacc88700439"
          },
          "private": "eyJlMmJmYjczMC1lY2FhLTExZTYtOGY4OC0zNDM2M2JjN2M0YzAiOnsiY3JlYXRlIjo2MDAwMDAwMDAwMDAsImRlbGV0ZSI6NjAwMDAwMDAwMDAwLCJ1cGRhdGUiOjYwMDAwMDAwMDAwMH19",
          "dependencies": [
            "aws_security_group.bos_alb_sg01",
            "aws_subnet.bos_public_subnets",
            "aws_vpc.bos_vpc01"
          ]
        }
      ]
    },
    {
      "mode": "managed",
      "type": "aws_lb_listener",
      "name": "bos_http_listener01",
      "provider": "provider[\"registry.terraform.io/hashicorp/aws\"]",
      "instances": [
        {
          "schema_version": 0,
          "attributes": {
            "alpn_policy": null,
            "arn": "arn:aws:elasticloadbalancing:us-east-1:460480222158:listener/app/bos-alb01/b2d9cacc88700439/b780dd207ff3447c",
            "certificate_arn": null,
            "default_action": [
              {
                "authenticate_cognito": [],
                "authenticate_oidc": [],
                "fixed_response": [],
                "forward": [],
                "jwt_validation": [],
                "order": 1,
                "redirect": [
                  {
                    "host": "#{host}",
                    "path": "/#{path}",
                    "port": "443",
                    "protocol": "HTTPS",
                    "query": "#{query}",
                    "status_code": "HTTP_301"
                  }
                ],
                "target_group_arn": "",
                "type": "redirect"
              }
            ],
            "id": "arn:aws:elasticloadbalancing:us-east-1:460480222158:listener/app/bos-alb01/b2d9cacc88700439/b780dd207ff3447c",
            "load_balancer_arn": "arn:aws:elasticloadbalancing:us-east-1:460480222158:loadbalancer/app/bos-alb01/b2d9cacc88700439",
            "mutual_authentication": [],
            "port": 80,
            "protocol": "HTTP",
            "region": "us-east-1",
            "routing_http_request_x_amzn_mtls_clientcert_header_name": null,
            "routing_http_request_x_amzn_mtls_clientcert_issuer_header_name": null,
            "routing_http_request_x_amzn_mtls_clientcert_leaf_header_name": null,
            "routing_http_request_x_amzn_mtls_clientcert_serial_number_header_name": null,
            "routing_http_request_x_amzn_mtls_clientcert_subject_header_name": null,
            "routing_http_request_x_amzn_mtls_clientcert_validity_header_name": null,
            "routing_http_request_x_amzn_tls_cipher_suite_header_name": null,
            "routing_http_request_x_amzn_tls_version_header_name": null,
            "routing_http_response_access_control_allow_credentials_header_value": "",
            "routing_http_response_access_control_allow_headers_header_value": "",
            "routing_http_response_access_control_allow_methods_header_value": "",
            "routing_http_response_access_control_allow_origin_header_value": "",
            "routing_http_response_access_control_expose_headers_header_value": "",
            "routing_http_response_access_control_max_age_header_value": "",
            "routing_http_response_content_security_policy_header_value": "",
            "routing_http_response_server_enabled": true,
            "routing_http_response_strict_transport_security_header_value": "",
            "routing_http_response_x_content_type_options_header_value": "",
            "routing_http_response_x_frame_options_header_value": "",
            "ssl_policy": "",
            "tags": {},
            "tags_all": {},
            "tcp_idle_timeout_seconds": null,
            "timeouts": null
          },
          "sensitive_attributes": [],
          "identity_schema_version": 0,
          "identity": {
            "arn": "arn:aws:elasticloadbalancing:us-east-1:460480222158:listener/app/bos-alb01/b2d9cacc88700439/b780dd207ff3447c"
          },
          "private": "eyJlMmJmYjczMC1lY2FhLTExZTYtOGY4OC0zNDM2M2JjN2M0YzAiOnsiY3JlYXRlIjozMDAwMDAwMDAwMDAsInVwZGF0ZSI6MzAwMDAwMDAwMDAwfX0=",
          "dependencies": [
            "aws_lb.bos_alb01",
            "aws_security_group.bos_alb_sg01",
            "aws_subnet.bos_public_subnets",
            "aws_vpc.bos_vpc01"
          ]
        }
      ]
    },
    {
      "mode": "managed",
      "type": "aws_lb_target_group",
      "name": "bos_tg01",
      "provider": "provider[\"registry.terraform.io/hashicorp/aws\"]",
      "instances": [
        {
          "schema_version": 0,
          "attributes": {
            "arn": "arn:aws:elasticloadbalancing:us-east-1:460480222158:targetgroup/bos-tg01/1a6c04708aefa39f",
            "arn_suffix": "targetgroup/bos-tg01/1a6c04708aefa39f",
            "connection_termination": null,
            "deregistration_delay": "300",
            "health_check": [
              {
                "enabled": true,
                "healthy_threshold": 2,
                "interval": 30,
                "matcher": "200-399",
                "path": "/",
                "port": "80",
                "protocol": "HTTP",
                "timeout": 5,
                "unhealthy_threshold": 2
              }
            ],
            "id": "arn:aws:elasticloadbalancing:us-east-1:460480222158:targetgroup/bos-tg01/1a6c04708aefa39f",
            "ip_address_type": "ipv4",
            "lambda_multi_value_headers_enabled": false,
            "load_balancer_arns": [],
            "load_balancing_algorithm_type": "round_robin",
            "load_balancing_anomaly_mitigation": "off",
            "load_balancing_cross_zone_enabled": "use_load_balancer_configuration",
            "name": "bos-tg01",
            "name_prefix": "",
            "port": 80,
            "preserve_client_ip": null,
            "protocol": "HTTP",
            "protocol_version": "HTTP1",
            "proxy_protocol_v2": false,
            "region": "us-east-1",
            "slow_start": 0,
            "stickiness": [
              {
                "cookie_duration": 86400,
                "cookie_name": "",
                "enabled": false,
                "type": "lb_cookie"
              }
            ],
            "tags": {
              "Name": "bos-tg01"
            },
            "tags_all": {
              "Name": "bos-tg01"
            },
            "target_control_port": 0,
            "target_failover": [
              {
                "on_deregistration": null,
                "on_unhealthy": null
              }
            ],
            "target_group_health": [
              {
                "dns_failover": [
                  {
                    "minimum_healthy_targets_count": "1",
                    "minimum_healthy_targets_percentage": "off"
                  }
                ],
                "unhealthy_state_routing": [
                  {
                    "minimum_healthy_targets_count": 1,
                    "minimum_healthy_targets_percentage": "off"
                  }
                ]
              }
            ],
            "target_health_state": [
              {
                "enable_unhealthy_connection_termination": null,
                "unhealthy_draining_interval": null
              }
            ],
            "target_type": "instance",
            "vpc_id": "vpc-0f4559f19f5d9e577"
          },
          "sensitive_attributes": [],
          "identity_schema_version": 0,
          "identity": {
            "arn": "arn:aws:elasticloadbalancing:us-east-1:460480222158:targetgroup/bos-tg01/1a6c04708aefa39f"
          },
          "private": "bnVsbA==",
          "dependencies": [
            "aws_vpc.bos_vpc01"
          ]
        }
      ]
    },
    {
      "mode": "managed",
      "type": "aws_lb_target_group_attachment",
      "name": "bos_tg_attach01",
      "provider": "provider[\"registry.terraform.io/hashicorp/aws\"]",
      "instances": [
        {
          "schema_version": 0,
          "attributes": {
            "availability_zone": null,
            "id": "arn:aws:elasticloadbalancing:us-east-1:460480222158:targetgroup/bos-tg01/1a6c04708aefa39f-20260113221135117100000010",
            "port": 80,
            "region": "us-east-1",
            "target_group_arn": "arn:aws:elasticloadbalancing:us-east-1:460480222158:targetgroup/bos-tg01/1a6c04708aefa39f",
            "target_id": "i-0fdd40442d7a14a98"
          },
          "sensitive_attributes": [],
          "identity_schema_version": 0,
          "private": "bnVsbA==",
          "dependencies": [
            "aws_iam_instance_profile.bos_instance_profile01",
            "aws_iam_role.bos_ec2_role01",
            "aws_instance.bos_ec201_private_bonus",
            "aws_lb_target_group.bos_tg01",
            "aws_security_group.bos_ec2_sg01",
            "aws_subnet.bos_private_subnets",
            "aws_vpc.bos_vpc01"
          ]
        }
      ]
    },
    {
      "mode": "managed",
      "type": "aws_nat_gateway",
      "name": "bos_nat01",
      "provider": "provider[\"registry.terraform.io/hashicorp/aws\"]",
      "instances": [
        {
          "schema_version": 0,
          "attributes": {
            "allocation_id": "eipalloc-0c98642a920b55d18",
            "association_id": "eipassoc-07f785faf76392e91",
            "auto_provision_zones": null,
            "auto_scaling_ips": null,
            "availability_mode": "zonal",
            "availability_zone_address": [],
            "connectivity_type": "public",
            "id": "nat-07933669509d73326",
            "network_interface_id": "eni-08a63f9f4f336ac6c",
            "private_ip": "10.26.1.206",
            "public_ip": "54.156.97.80",
            "region": "us-east-1",
            "regional_nat_gateway_address": [],
            "regional_nat_gateway_auto_mode": null,
            "route_table_id": null,
            "secondary_allocation_ids": [],
            "secondary_private_ip_address_count": 0,
            "secondary_private_ip_addresses": [],
            "subnet_id": "subnet-0c85a0a825cfcc834",
            "tags": {
              "Name": "bos-nat01"
            },
            "tags_all": {
              "Name": "bos-nat01"
            },
            "timeouts": null,
            "vpc_id": "vpc-0f4559f19f5d9e577"
          },
          "sensitive_attributes": [],
          "identity_schema_version": 0,
          "private": "eyJlMmJmYjczMC1lY2FhLTExZTYtOGY4OC0zNDM2M2JjN2M0YzAiOnsiY3JlYXRlIjo2MDAwMDAwMDAwMDAsImRlbGV0ZSI6MTgwMDAwMDAwMDAwMCwidXBkYXRlIjo2MDAwMDAwMDAwMDB9fQ==",
          "dependencies": [
            "aws_eip.bos_nat_eip01",
            "aws_internet_gateway.bos_igw01",
            "aws_subnet.bos_public_subnets",
            "aws_vpc.bos_vpc01"
          ]
        }
      ]
    },
    {
      "mode": "managed",
      "type": "aws_route",
      "name": "bos_private_default_route",
      "provider": "provider[\"registry.terraform.io/hashicorp/aws\"]",
      "instances": [
        {
          "schema_version": 0,
          "attributes": {
            "carrier_gateway_id": "",
            "core_network_arn": "",
            "destination_cidr_block": "0.0.0.0/0",
            "destination_ipv6_cidr_block": "",
            "destination_prefix_list_id": "",
            "egress_only_gateway_id": "",
            "gateway_id": "",
            "id": "r-rtb-0457df42dff2219a61080289494",
            "instance_id": "",
            "instance_owner_id": "",
            "local_gateway_id": "",
            "nat_gateway_id": "nat-07933669509d73326",
            "network_interface_id": "",
            "origin": "CreateRoute",
            "region": "us-east-1",
            "route_table_id": "rtb-0457df42dff2219a6",
            "state": "active",
            "timeouts": null,
            "transit_gateway_id": "",
            "vpc_endpoint_id": "",
            "vpc_peering_connection_id": ""
          },
          "sensitive_attributes": [],
          "identity_schema_version": 0,
          "identity": {
            "account_id": "460480222158",
            "destination_cidr_block": "0.0.0.0/0",
            "destination_ipv6_cidr_block": null,
            "destination_prefix_list_id": null,
            "region": "us-east-1",
            "route_table_id": "rtb-0457df42dff2219a6"
          },
          "private": "eyJlMmJmYjczMC1lY2FhLTExZTYtOGY4OC0zNDM2M2JjN2M0YzAiOnsiY3JlYXRlIjozMDAwMDAwMDAwMDAsImRlbGV0ZSI6MzAwMDAwMDAwMDAwLCJ1cGRhdGUiOjEyMDAwMDAwMDAwMH19",
          "dependencies": [
            "aws_eip.bos_nat_eip01",
            "aws_internet_gateway.bos_igw01",
            "aws_nat_gateway.bos_nat01",
            "aws_route_table.bos_private_rt01",
            "aws_subnet.bos_public_subnets",
            "aws_vpc.bos_vpc01"
          ]
        }
      ]
    },
    {
      "mode": "managed",
      "type": "aws_route",
      "name": "bos_public_default_route",
      "provider": "provider[\"registry.terraform.io/hashicorp/aws\"]",
      "instances": [
        {
          "schema_version": 0,
          "attributes": {
            "carrier_gateway_id": "",
            "core_network_arn": "",
            "destination_cidr_block": "0.0.0.0/0",
            "destination_ipv6_cidr_block": "",
            "destination_prefix_list_id": "",
            "egress_only_gateway_id": "",
            "gateway_id": "igw-05ad035f02aa40c17",
            "id": "r-rtb-079f6f11a73bc167e1080289494",
            "instance_id": "",
            "instance_owner_id": "",
            "local_gateway_id": "",
            "nat_gateway_id": "",
            "network_interface_id": "",
            "origin": "CreateRoute",
            "region": "us-east-1",
            "route_table_id": "rtb-079f6f11a73bc167e",
            "state": "active",
            "timeouts": null,
            "transit_gateway_id": "",
            "vpc_endpoint_id": "",
            "vpc_peering_connection_id": ""
          },
          "sensitive_attributes": [],
          "identity_schema_version": 0,
          "identity": {
            "account_id": "460480222158",
            "destination_cidr_block": "0.0.0.0/0",
            "destination_ipv6_cidr_block": null,
            "destination_prefix_list_id": null,
            "region": "us-east-1",
            "route_table_id": "rtb-079f6f11a73bc167e"
          },
          "private": "eyJlMmJmYjczMC1lY2FhLTExZTYtOGY4OC0zNDM2M2JjN2M0YzAiOnsiY3JlYXRlIjozMDAwMDAwMDAwMDAsImRlbGV0ZSI6MzAwMDAwMDAwMDAwLCJ1cGRhdGUiOjEyMDAwMDAwMDAwMH19",
          "dependencies": [
            "aws_internet_gateway.bos_igw01",
            "aws_route_table.bos_public_rt01",
            "aws_vpc.bos_vpc01"
          ]
        }
      ]
    },
    {
      "mode": "managed",
      "type": "aws_route53_record",
      "name": "bos_acm_validation_records01",
      "provider": "provider[\"registry.terraform.io/hashicorp/aws\"]",
      "instances": [
        {
          "index_key": "app.larryharrisaws.com",
          "schema_version": 2,
          "attributes": {
            "alias": [],
            "allow_overwrite": null,
            "cidr_routing_policy": [],
            "failover_routing_policy": [],
            "fqdn": "_0143f02ee60eb2ddd523786dfce3489e.app.larryharrisaws.com",
            "geolocation_routing_policy": [],
            "geoproximity_routing_policy": [],
            "health_check_id": "",
            "id": "Z03224043TPL1W31JHTK3__0143f02ee60eb2ddd523786dfce3489e.app.larryharrisaws.com._CNAME",
            "latency_routing_policy": [],
            "multivalue_answer_routing_policy": false,
            "name": "_0143f02ee60eb2ddd523786dfce3489e.app.larryharrisaws.com",
            "records": [
              "_0ff4c0902eff8e9fdfa6bf3a0b35eaab.jkddzztszm.acm-validations.aws."
            ],
            "set_identifier": "",
            "timeouts": null,
            "ttl": 60,
            "type": "CNAME",
            "weighted_routing_policy": [],
            "zone_id": "Z03224043TPL1W31JHTK3"
          },
          "sensitive_attributes": [],
          "identity_schema_version": 0,
          "identity": {
            "account_id": "460480222158",
            "name": "_0143f02ee60eb2ddd523786dfce3489e.app.larryharrisaws.com",
            "set_identifier": null,
            "type": "CNAME",
            "zone_id": "Z03224043TPL1W31JHTK3"
          },
          "private": "eyJlMmJmYjczMC1lY2FhLTExZTYtOGY4OC0zNDM2M2JjN2M0YzAiOnsiY3JlYXRlIjoxODAwMDAwMDAwMDAwLCJkZWxldGUiOjE4MDAwMDAwMDAwMDAsInVwZGF0ZSI6MTgwMDAwMDAwMDAwMH0sInNjaGVtYV92ZXJzaW9uIjoiMiJ9",
          "dependencies": [
            "aws_acm_certificate.bos_acm_cert01",
            "aws_route53_zone.bos_zone01"
          ]
        }
      ]
    },
    {
      "mode": "managed",
      "type": "aws_route53_record",
      "name": "bos_apex_alias01",
      "provider": "provider[\"registry.terraform.io/hashicorp/aws\"]",
      "instances": [
        {
          "schema_version": 2,
          "attributes": {
            "alias": [
              {
                "evaluate_target_health": true,
                "name": "bos-alb01-207011079.us-east-1.elb.amazonaws.com",
                "zone_id": "Z35SXDOTRQ7X7K"
              }
            ],
            "allow_overwrite": null,
            "cidr_routing_policy": [],
            "failover_routing_policy": [],
            "fqdn": "larryharrisaws.com",
            "geolocation_routing_policy": [],
            "geoproximity_routing_policy": [],
            "health_check_id": "",
            "id": "Z03224043TPL1W31JHTK3_larryharrisaws.com_A",
            "latency_routing_policy": [],
            "multivalue_answer_routing_policy": false,
            "name": "larryharrisaws.com",
            "records": [],
            "set_identifier": "",
            "timeouts": null,
            "ttl": 0,
            "type": "A",
            "weighted_routing_policy": [],
            "zone_id": "Z03224043TPL1W31JHTK3"
          },
          "sensitive_attributes": [],
          "identity_schema_version": 0,
          "identity": {
            "account_id": "460480222158",
            "name": "larryharrisaws.com",
            "set_identifier": null,
            "type": "A",
            "zone_id": "Z03224043TPL1W31JHTK3"
          },
          "private": "eyJlMmJmYjczMC1lY2FhLTExZTYtOGY4OC0zNDM2M2JjN2M0YzAiOnsiY3JlYXRlIjoxODAwMDAwMDAwMDAwLCJkZWxldGUiOjE4MDAwMDAwMDAwMDAsInVwZGF0ZSI6MTgwMDAwMDAwMDAwMH0sInNjaGVtYV92ZXJzaW9uIjoiMiJ9",
          "dependencies": [
            "aws_lb.bos_alb01",
            "aws_route53_zone.bos_zone01",
            "aws_security_group.bos_alb_sg01",
            "aws_subnet.bos_public_subnets",
            "aws_vpc.bos_vpc01"
          ]
        }
      ]
    },
    {
      "mode": "managed",
      "type": "aws_route53_zone",
      "name": "bos_zone01",
      "provider": "provider[\"registry.terraform.io/hashicorp/aws\"]",
      "instances": [
        {
          "index_key": 0,
          "schema_version": 0,
          "attributes": {
            "arn": "arn:aws:route53:::hostedzone/Z03224043TPL1W31JHTK3",
            "comment": "Managed by Terraform",
            "delegation_set_id": "",
            "enable_accelerated_recovery": false,
            "force_destroy": false,
            "id": "Z03224043TPL1W31JHTK3",
            "name": "larryharrisaws.com",
            "name_servers": [
              "ns-1384.awsdns-45.org",
              "ns-1553.awsdns-02.co.uk",
              "ns-655.awsdns-17.net",
              "ns-69.awsdns-08.com"
            ],
            "primary_name_server": "ns-1553.awsdns-02.co.uk",
            "tags": {
              "Name": "bos-zone01"
            },
            "tags_all": {
              "Name": "bos-zone01"
            },
            "timeouts": null,
            "vpc": [],
            "zone_id": "Z03224043TPL1W31JHTK3"
          },
          "sensitive_attributes": [],
          "identity_schema_version": 0,
          "private": "eyJlMmJmYjczMC1lY2FhLTExZTYtOGY4OC0zNDM2M2JjN2M0YzAiOnsiY3JlYXRlIjoxODAwMDAwMDAwMDAwLCJkZWxldGUiOjE4MDAwMDAwMDAwMDAsInVwZGF0ZSI6MTgwMDAwMDAwMDAwMH19"
        }
      ]
    },
    {
      "mode": "managed",
      "type": "aws_route_table",
      "name": "bos_private_rt01",
      "provider": "provider[\"registry.terraform.io/hashicorp/aws\"]",
      "instances": [
        {
          "schema_version": 0,
          "attributes": {
            "arn": "arn:aws:ec2:us-east-1:460480222158:route-table/rtb-0457df42dff2219a6",
            "id": "rtb-0457df42dff2219a6",
            "owner_id": "460480222158",
            "propagating_vgws": [],
            "region": "us-east-1",
            "route": [
              {
                "carrier_gateway_id": "",
                "cidr_block": "0.0.0.0/0",
                "core_network_arn": "",
                "destination_prefix_list_id": "",
                "egress_only_gateway_id": "",
                "gateway_id": "",
                "ipv6_cidr_block": "",
                "local_gateway_id": "",
                "nat_gateway_id": "nat-07933669509d73326",
                "network_interface_id": "",
                "transit_gateway_id": "",
                "vpc_endpoint_id": "",
                "vpc_peering_connection_id": ""
              }
            ],
            "tags": {
              "Name": "bos-private-rt01"
            },
            "tags_all": {
              "Name": "bos-private-rt01"
            },
            "timeouts": null,
            "vpc_id": "vpc-0f4559f19f5d9e577"
          },
          "sensitive_attributes": [],
          "identity_schema_version": 0,
          "identity": {
            "account_id": "460480222158",
            "id": "rtb-0457df42dff2219a6",
            "region": "us-east-1"
          },
          "private": "eyJlMmJmYjczMC1lY2FhLTExZTYtOGY4OC0zNDM2M2JjN2M0YzAiOnsiY3JlYXRlIjozMDAwMDAwMDAwMDAsImRlbGV0ZSI6MzAwMDAwMDAwMDAwLCJ1cGRhdGUiOjEyMDAwMDAwMDAwMH19",
          "dependencies": [
            "aws_vpc.bos_vpc01"
          ]
        }
      ]
    },
    {
      "mode": "managed",
      "type": "aws_route_table",
      "name": "bos_public_rt01",
      "provider": "provider[\"registry.terraform.io/hashicorp/aws\"]",
      "instances": [
        {
          "schema_version": 0,
          "attributes": {
            "arn": "arn:aws:ec2:us-east-1:460480222158:route-table/rtb-079f6f11a73bc167e",
            "id": "rtb-079f6f11a73bc167e",
            "owner_id": "460480222158",
            "propagating_vgws": [],
            "region": "us-east-1",
            "route": [
              {
                "carrier_gateway_id": "",
                "cidr_block": "0.0.0.0/0",
                "core_network_arn": "",
                "destination_prefix_list_id": "",
                "egress_only_gateway_id": "",
                "gateway_id": "igw-05ad035f02aa40c17",
                "ipv6_cidr_block": "",
                "local_gateway_id": "",
                "nat_gateway_id": "",
                "network_interface_id": "",
                "transit_gateway_id": "",
                "vpc_endpoint_id": "",
                "vpc_peering_connection_id": ""
              }
            ],
            "tags": {
              "Name": "bos-public-rt01"
            },
            "tags_all": {
              "Name": "bos-public-rt01"
            },
            "timeouts": null,
            "vpc_id": "vpc-0f4559f19f5d9e577"
          },
          "sensitive_attributes": [],
          "identity_schema_version": 0,
          "identity": {
            "account_id": "460480222158",
            "id": "rtb-079f6f11a73bc167e",
            "region": "us-east-1"
          },
          "private": "eyJlMmJmYjczMC1lY2FhLTExZTYtOGY4OC0zNDM2M2JjN2M0YzAiOnsiY3JlYXRlIjozMDAwMDAwMDAwMDAsImRlbGV0ZSI6MzAwMDAwMDAwMDAwLCJ1cGRhdGUiOjEyMDAwMDAwMDAwMH19",
          "dependencies": [
            "aws_vpc.bos_vpc01"
          ]
        }
      ]
    },
    {
      "mode": "managed",
      "type": "aws_route_table_association",
      "name": "bos_private_rta",
      "provider": "provider[\"registry.terraform.io/hashicorp/aws\"]",
      "instances": [
        {
          "index_key": 0,
          "schema_version": 0,
          "attributes": {
            "gateway_id": "",
            "id": "rtbassoc-0c41a2f8dae8b09c9",
            "region": "us-east-1",
            "route_table_id": "rtb-0457df42dff2219a6",
            "subnet_id": "subnet-03e1fadc0b711957a",
            "timeouts": null
          },
          "sensitive_attributes": [],
          "identity_schema_version": 0,
          "private": "eyJlMmJmYjczMC1lY2FhLTExZTYtOGY4OC0zNDM2M2JjN2M0YzAiOnsiY3JlYXRlIjozMDAwMDAwMDAwMDAsImRlbGV0ZSI6MzAwMDAwMDAwMDAwLCJ1cGRhdGUiOjEyMDAwMDAwMDAwMH19",
          "dependencies": [
            "aws_route_table.bos_private_rt01",
            "aws_subnet.bos_private_subnets",
            "aws_vpc.bos_vpc01"
          ]
        },
        {
          "index_key": 1,
          "schema_version": 0,
          "attributes": {
            "gateway_id": "",
            "id": "rtbassoc-0bfbdaf0dc3202aaa",
            "region": "us-east-1",
            "route_table_id": "rtb-0457df42dff2219a6",
            "subnet_id": "subnet-0200c1a7cb256ed3c",
            "timeouts": null
          },
          "sensitive_attributes": [],
          "identity_schema_version": 0,
          "private": "eyJlMmJmYjczMC1lY2FhLTExZTYtOGY4OC0zNDM2M2JjN2M0YzAiOnsiY3JlYXRlIjozMDAwMDAwMDAwMDAsImRlbGV0ZSI6MzAwMDAwMDAwMDAwLCJ1cGRhdGUiOjEyMDAwMDAwMDAwMH19",
          "dependencies": [
            "aws_route_table.bos_private_rt01",
            "aws_subnet.bos_private_subnets",
            "aws_vpc.bos_vpc01"
          ]
        }
      ]
    },
    {
      "mode": "managed",
      "type": "aws_route_table_association",
      "name": "bos_public_rta",
      "provider": "provider[\"registry.terraform.io/hashicorp/aws\"]",
      "instances": [
        {
          "index_key": 0,
          "schema_version": 0,
          "attributes": {
            "gateway_id": "",
            "id": "rtbassoc-0c3d58875f184e1f6",
            "region": "us-east-1",
            "route_table_id": "rtb-079f6f11a73bc167e",
            "subnet_id": "subnet-0c85a0a825cfcc834",
            "timeouts": null
          },
          "sensitive_attributes": [],
          "identity_schema_version": 0,
          "private": "eyJlMmJmYjczMC1lY2FhLTExZTYtOGY4OC0zNDM2M2JjN2M0YzAiOnsiY3JlYXRlIjozMDAwMDAwMDAwMDAsImRlbGV0ZSI6MzAwMDAwMDAwMDAwLCJ1cGRhdGUiOjEyMDAwMDAwMDAwMH19",
          "dependencies": [
            "aws_route_table.bos_public_rt01",
            "aws_subnet.bos_public_subnets",
            "aws_vpc.bos_vpc01"
          ]
        },
        {
          "index_key": 1,
          "schema_version": 0,
          "attributes": {
            "gateway_id": "",
            "id": "rtbassoc-05806aa1704263d53",
            "region": "us-east-1",
            "route_table_id": "rtb-079f6f11a73bc167e",
            "subnet_id": "subnet-050d58a4f5d869c4d",
            "timeouts": null
          },
          "sensitive_attributes": [],
          "identity_schema_version": 0,
          "private": "eyJlMmJmYjczMC1lY2FhLTExZTYtOGY4OC0zNDM2M2JjN2M0YzAiOnsiY3JlYXRlIjozMDAwMDAwMDAwMDAsImRlbGV0ZSI6MzAwMDAwMDAwMDAwLCJ1cGRhdGUiOjEyMDAwMDAwMDAwMH19",
          "dependencies": [
            "aws_route_table.bos_public_rt01",
            "aws_subnet.bos_public_subnets",
            "aws_vpc.bos_vpc01"
          ]
        }
      ]
    },
    {
      "mode": "managed",
      "type": "aws_s3_bucket",
      "name": "bos_alb_logs_bucket01",
      "provider": "provider[\"registry.terraform.io/hashicorp/aws\"]",
      "instances": [
        {
          "index_key": 0,
          "schema_version": 0,
          "attributes": {
            "acceleration_status": "",
            "acl": null,
            "arn": "arn:aws:s3:::bos-alb-logs-460480222158",
            "bucket": "bos-alb-logs-460480222158",
            "bucket_domain_name": "bos-alb-logs-460480222158.s3.amazonaws.com",
            "bucket_prefix": "",
            "bucket_region": "us-east-1",
            "bucket_regional_domain_name": "bos-alb-logs-460480222158.s3.us-east-1.amazonaws.com",
            "cors_rule": [],
            "force_destroy": false,
            "grant": [
              {
                "id": "994e33fc3d2c26f4b28667883cd004e49f222fa8d13b3edbbbbe19dab340b8c2",
                "permissions": [
                  "FULL_CONTROL"
                ],
                "type": "CanonicalUser",
                "uri": ""
              }
            ],
            "hosted_zone_id": "Z3AQBSTGFYJSTF",
            "id": "bos-alb-logs-460480222158",
            "lifecycle_rule": [],
            "logging": [],
            "object_lock_configuration": [],
            "object_lock_enabled": false,
            "policy": "{\"Statement\":[{\"Action\":\"s3:*\",\"Condition\":{\"Bool\":{\"aws:SecureTransport\":\"false\"}},\"Effect\":\"Deny\",\"Principal\":\"*\",\"Resource\":[\"arn:aws:s3:::bos-alb-logs-460480222158\",\"arn:aws:s3:::bos-alb-logs-460480222158/*\"],\"Sid\":\"DenyInsecureTransport\"},{\"Action\":\"s3:PutObject\",\"Effect\":\"Allow\",\"Principal\":{\"Service\":\"elasticloadbalancing.amazonaws.com\"},\"Resource\":\"arn:aws:s3:::bos-alb-logs-460480222158//AWSLogs/460480222158/*\",\"Sid\":\"AllowELBPutObject\"}],\"Version\":\"2012-10-17\"}",
            "region": "us-east-1",
            "replication_configuration": [],
            "request_payer": "BucketOwner",
            "server_side_encryption_configuration": [
              {
                "rule": [
                  {
                    "apply_server_side_encryption_by_default": [
                      {
                        "kms_master_key_id": "",
                        "sse_algorithm": "AES256"
                      }
                    ],
                    "bucket_key_enabled": false
                  }
                ]
              }
            ],
            "tags": {
              "Name": "bos-alb-logs-bucket01"
            },
            "tags_all": {
              "Name": "bos-alb-logs-bucket01"
            },
            "timeouts": null,
            "versioning": [
              {
                "enabled": false,
                "mfa_delete": false
              }
            ],
            "website": [],
            "website_domain": null,
            "website_endpoint": null
          },
          "sensitive_attributes": [],
          "identity_schema_version": 0,
          "identity": {
            "account_id": "460480222158",
            "bucket": "bos-alb-logs-460480222158",
            "region": "us-east-1"
          },
          "private": "eyJlMmJmYjczMC1lY2FhLTExZTYtOGY4OC0zNDM2M2JjN2M0YzAiOnsiY3JlYXRlIjoxMjAwMDAwMDAwMDAwLCJkZWxldGUiOjM2MDAwMDAwMDAwMDAsInJlYWQiOjEyMDAwMDAwMDAwMDAsInVwZGF0ZSI6MTIwMDAwMDAwMDAwMH19",
          "dependencies": [
            "data.aws_caller_identity.bos_self01"
          ]
        }
      ]
    },
    {
      "mode": "managed",
      "type": "aws_s3_bucket",
      "name": "bos_firehose_waf_dest_bucket01",
      "provider": "provider[\"registry.terraform.io/hashicorp/aws\"]",
      "instances": []
    },
    {
      "mode": "managed",
      "type": "aws_s3_bucket",
      "name": "bos_ir_reports_bucket01",
      "provider": "provider[\"registry.terraform.io/hashicorp/aws\"]",
      "instances": [
        {
          "schema_version": 0,
          "attributes": {
            "acceleration_status": "",
            "acl": null,
            "arn": "arn:aws:s3:::bos-ir-reports-460480222158",
            "bucket": "bos-ir-reports-460480222158",
            "bucket_domain_name": "bos-ir-reports-460480222158.s3.amazonaws.com",
            "bucket_prefix": "",
            "bucket_region": "us-east-1",
            "bucket_regional_domain_name": "bos-ir-reports-460480222158.s3.us-east-1.amazonaws.com",
            "cors_rule": [],
            "force_destroy": false,
            "grant": [
              {
                "id": "994e33fc3d2c26f4b28667883cd004e49f222fa8d13b3edbbbbe19dab340b8c2",
                "permissions": [
                  "FULL_CONTROL"
                ],
                "type": "CanonicalUser",
                "uri": ""
              }
            ],
            "hosted_zone_id": "Z3AQBSTGFYJSTF",
            "id": "bos-ir-reports-460480222158",
            "lifecycle_rule": [],
            "logging": [],
            "object_lock_configuration": [],
            "object_lock_enabled": false,
            "policy": "",
            "region": "us-east-1",
            "replication_configuration": [],
            "request_payer": "BucketOwner",
            "server_side_encryption_configuration": [
              {
                "rule": [
                  {
                    "apply_server_side_encryption_by_default": [
                      {
                        "kms_master_key_id": "",
                        "sse_algorithm": "AES256"
                      }
                    ],
                    "bucket_key_enabled": false
                  }
                ]
              }
            ],
            "tags": {
              "Name": "bos-ir-reports-bucket01"
            },
            "tags_all": {
              "Name": "bos-ir-reports-bucket01"
            },
            "timeouts": null,
            "versioning": [
              {
                "enabled": false,
                "mfa_delete": false
              }
            ],
            "website": [],
            "website_domain": null,
            "website_endpoint": null
          },
          "sensitive_attributes": [],
          "identity_schema_version": 0,
          "identity": {
            "account_id": "460480222158",
            "bucket": "bos-ir-reports-460480222158",
            "region": "us-east-1"
          },
          "private": "eyJlMmJmYjczMC1lY2FhLTExZTYtOGY4OC0zNDM2M2JjN2M0YzAiOnsiY3JlYXRlIjoxMjAwMDAwMDAwMDAwLCJkZWxldGUiOjM2MDAwMDAwMDAwMDAsInJlYWQiOjEyMDAwMDAwMDAwMDAsInVwZGF0ZSI6MTIwMDAwMDAwMDAwMH19",
          "dependencies": [
            "data.aws_caller_identity.current"
          ]
        }
      ]
    },
    {
      "mode": "managed",
      "type": "aws_s3_bucket",
      "name": "bos_waf_logs_bucket01",
      "provider": "provider[\"registry.terraform.io/hashicorp/aws\"]",
      "instances": []
    },
    {
      "mode": "managed",
      "type": "aws_s3_bucket_ownership_controls",
      "name": "bos_alb_logs_owner01",
      "provider": "provider[\"registry.terraform.io/hashicorp/aws\"]",
      "instances": [
        {
          "index_key": 0,
          "schema_version": 0,
          "attributes": {
            "bucket": "bos-alb-logs-460480222158",
            "id": "bos-alb-logs-460480222158",
            "region": "us-east-1",
            "rule": [
              {
                "object_ownership": "BucketOwnerPreferred"
              }
            ]
          },
          "sensitive_attributes": [],
          "identity_schema_version": 0,
          "identity": {
            "account_id": "460480222158",
            "bucket": "bos-alb-logs-460480222158",
            "region": "us-east-1"
          },
          "private": "bnVsbA==",
          "dependencies": [
            "aws_s3_bucket.bos_alb_logs_bucket01",
            "data.aws_caller_identity.bos_self01"
          ]
        }
      ]
    },
    {
      "mode": "managed",
      "type": "aws_s3_bucket_policy",
      "name": "bos_alb_logs_policy01",
      "provider": "provider[\"registry.terraform.io/hashicorp/aws\"]",
      "instances": [
        {
          "index_key": 0,
          "schema_version": 0,
          "attributes": {
            "bucket": "bos-alb-logs-460480222158",
            "id": "bos-alb-logs-460480222158",
            "policy": "{\"Statement\":[{\"Action\":\"s3:*\",\"Condition\":{\"Bool\":{\"aws:SecureTransport\":\"false\"}},\"Effect\":\"Deny\",\"Principal\":\"*\",\"Resource\":[\"arn:aws:s3:::bos-alb-logs-460480222158\",\"arn:aws:s3:::bos-alb-logs-460480222158/*\"],\"Sid\":\"DenyInsecureTransport\"},{\"Action\":\"s3:PutObject\",\"Effect\":\"Allow\",\"Principal\":{\"Service\":\"elasticloadbalancing.amazonaws.com\"},\"Resource\":\"arn:aws:s3:::bos-alb-logs-460480222158//AWSLogs/460480222158/*\",\"Sid\":\"AllowELBPutObject\"}],\"Version\":\"2012-10-17\"}",
            "region": "us-east-1"
          },
          "sensitive_attributes": [],
          "identity_schema_version": 0,
          "identity": {
            "account_id": "460480222158",
            "bucket": "bos-alb-logs-460480222158",
            "region": "us-east-1"
          },
          "private": "bnVsbA==",
          "dependencies": [
            "aws_s3_bucket.bos_alb_logs_bucket01",
            "data.aws_caller_identity.bos_self01"
          ]
        }
      ]
    },
    {
      "mode": "managed",
      "type": "aws_s3_bucket_public_access_block",
      "name": "bos_alb_logs_pab01",
      "provider": "provider[\"registry.terraform.io/hashicorp/aws\"]",
      "instances": [
        {
          "index_key": 0,
          "schema_version": 0,
          "attributes": {
            "block_public_acls": true,
            "block_public_policy": true,
            "bucket": "bos-alb-logs-460480222158",
            "id": "bos-alb-logs-460480222158",
            "ignore_public_acls": true,
            "region": "us-east-1",
            "restrict_public_buckets": true,
            "skip_destroy": null
          },
          "sensitive_attributes": [],
          "identity_schema_version": 0,
          "identity": {
            "account_id": "460480222158",
            "bucket": "bos-alb-logs-460480222158",
            "region": "us-east-1"
          },
          "private": "bnVsbA==",
          "dependencies": [
            "aws_s3_bucket.bos_alb_logs_bucket01",
            "data.aws_caller_identity.bos_self01"
          ]
        }
      ]
    },
    {
      "mode": "managed",
      "type": "aws_s3_bucket_public_access_block",
      "name": "bos_ir_reports_pab01",
      "provider": "provider[\"registry.terraform.io/hashicorp/aws\"]",
      "instances": [
        {
          "schema_version": 0,
          "attributes": {
            "block_public_acls": true,
            "block_public_policy": true,
            "bucket": "bos-ir-reports-460480222158",
            "id": "bos-ir-reports-460480222158",
            "ignore_public_acls": true,
            "region": "us-east-1",
            "restrict_public_buckets": true,
            "skip_destroy": null
          },
          "sensitive_attributes": [],
          "identity_schema_version": 0,
          "identity": {
            "account_id": "460480222158",
            "bucket": "bos-ir-reports-460480222158",
            "region": "us-east-1"
          },
          "private": "bnVsbA==",
          "dependencies": [
            "aws_s3_bucket.bos_ir_reports_bucket01",
            "data.aws_caller_identity.current"
          ]
        }
      ]
    },
    {
      "mode": "managed",
      "type": "aws_s3_bucket_public_access_block",
      "name": "bos_waf_logs_pab01",
      "provider": "provider[\"registry.terraform.io/hashicorp/aws\"]",
      "instances": []
    },
    {
      "mode": "managed",
      "type": "aws_secretsmanager_secret",
      "name": "bos_db_secret01",
      "provider": "provider[\"registry.terraform.io/hashicorp/aws\"]",
      "instances": [
        {
          "schema_version": 0,
          "attributes": {
            "arn": "arn:aws:secretsmanager:us-east-1:460480222158:secret:bos/rds/mysql-maCrtp",
            "description": "",
            "force_overwrite_replica_secret": false,
            "id": "arn:aws:secretsmanager:us-east-1:460480222158:secret:bos/rds/mysql-maCrtp",
            "kms_key_id": "",
            "name": "bos/rds/mysql",
            "name_prefix": "",
            "policy": "",
            "recovery_window_in_days": 0,
            "region": "us-east-1",
            "replica": [],
            "tags": {},
            "tags_all": {}
          },
          "sensitive_attributes": [],
          "identity_schema_version": 0,
          "identity": {
            "arn": "arn:aws:secretsmanager:us-east-1:460480222158:secret:bos/rds/mysql-maCrtp"
          },
          "private": "bnVsbA=="
        }
      ]
    },
    {
      "mode": "managed",
      "type": "aws_secretsmanager_secret_version",
      "name": "bos_db_secret_version01",
      "provider": "provider[\"registry.terraform.io/hashicorp/aws\"]",
      "instances": [
        {
          "schema_version": 0,
          "attributes": {
            "arn": "arn:aws:secretsmanager:us-east-1:460480222158:secret:bos/rds/mysql-maCrtp",
            "has_secret_string_wo": null,
            "id": "arn:aws:secretsmanager:us-east-1:460480222158:secret:bos/rds/mysql-maCrtp|terraform-20260113221638788200000011",
            "region": "us-east-1",
            "secret_binary": "",
            "secret_id": "arn:aws:secretsmanager:us-east-1:460480222158:secret:bos/rds/mysql-maCrtp",
            "secret_string": "{\"dbname\":\"labdb\",\"host\":\"bos-rds01.cgfeggmumcvi.us-east-1.rds.amazonaws.com\",\"password\":\"Broth3rH00d\",\"port\":3306,\"username\":\"admiral\"}",
            "secret_string_wo": null,
            "secret_string_wo_version": null,
            "version_id": "terraform-20260113221638788200000011",
            "version_stages": [
              "AWSCURRENT"
            ]
          },
          "sensitive_attributes": [
            [
              {
                "type": "get_attr",
                "value": "secret_binary"
              }
            ],
            [
              {
                "type": "get_attr",
                "value": "secret_string"
              }
            ],
            [
              {
                "type": "get_attr",
                "value": "secret_string_wo"
              }
            ]
          ],
          "identity_schema_version": 0,
          "identity": {
            "account_id": "460480222158",
            "region": "us-east-1",
            "secret_id": "arn:aws:secretsmanager:us-east-1:460480222158:secret:bos/rds/mysql-maCrtp",
            "version_id": "terraform-20260113221638788200000011"
          },
          "private": "bnVsbA==",
          "dependencies": [
            "aws_db_instance.bos_rds01",
            "aws_db_subnet_group.bos_rds_subnet_group01",
            "aws_secretsmanager_secret.bos_db_secret01",
            "aws_security_group.bos_rds_sg01",
            "aws_subnet.bos_private_subnets",
            "aws_vpc.bos_vpc01"
          ]
        }
      ]
    },
    {
      "mode": "managed",
      "type": "aws_security_group",
      "name": "bos_alb_sg01",
      "provider": "provider[\"registry.terraform.io/hashicorp/aws\"]",
      "instances": [
        {
          "schema_version": 1,
          "attributes": {
            "arn": "arn:aws:ec2:us-east-1:460480222158:security-group/sg-08b0c802102379a49",
            "description": "ALB security group",
            "egress": [
              {
                "cidr_blocks": [
                  "0.0.0.0/0"
                ],
                "description": "Allow all outbound traffic",
                "from_port": 0,
                "ipv6_cidr_blocks": [],
                "prefix_list_ids": [],
                "protocol": "-1",
                "security_groups": [],
                "self": false,
                "to_port": 0
              }
            ],
            "id": "sg-08b0c802102379a49",
            "ingress": [
              {
                "cidr_blocks": [
                  "0.0.0.0/0"
                ],
                "description": "",
                "from_port": 80,
                "ipv6_cidr_blocks": [],
                "prefix_list_ids": [],
                "protocol": "tcp",
                "security_groups": [],
                "self": false,
                "to_port": 80
              }
            ],
            "name": "bos-alb-sg01",
            "name_prefix": "",
            "owner_id": "460480222158",
            "region": "us-east-1",
            "revoke_rules_on_delete": false,
            "tags": {
              "Name": "bos-alb-sg01"
            },
            "tags_all": {
              "Name": "bos-alb-sg01"
            },
            "timeouts": null,
            "vpc_id": "vpc-0f4559f19f5d9e577"
          },
          "sensitive_attributes": [],
          "identity_schema_version": 0,
          "identity": {
            "account_id": "460480222158",
            "id": "sg-08b0c802102379a49",
            "region": "us-east-1"
          },
          "private": "eyJlMmJmYjczMC1lY2FhLTExZTYtOGY4OC0zNDM2M2JjN2M0YzAiOnsiY3JlYXRlIjo2MDAwMDAwMDAwMDAsImRlbGV0ZSI6OTAwMDAwMDAwMDAwfSwic2NoZW1hX3ZlcnNpb24iOiIxIn0=",
          "dependencies": [
            "aws_vpc.bos_vpc01"
          ]
        }
      ]
    },
    {
      "mode": "managed",
      "type": "aws_security_group",
      "name": "bos_ec2_sg01",
      "provider": "provider[\"registry.terraform.io/hashicorp/aws\"]",
      "instances": [
        {
          "schema_version": 1,
          "attributes": {
            "arn": "arn:aws:ec2:us-east-1:460480222158:security-group/sg-0d65a3013e76a91d2",
            "description": "EC2 app security group",
            "egress": [
              {
                "cidr_blocks": [
                  "0.0.0.0/0"
                ],
                "description": "",
                "from_port": 0,
                "ipv6_cidr_blocks": [],
                "prefix_list_ids": [],
                "protocol": "-1",
                "security_groups": [],
                "self": false,
                "to_port": 0
              }
            ],
            "id": "sg-0d65a3013e76a91d2",
            "ingress": [
              {
                "cidr_blocks": [
                  "0.0.0.0/0"
                ],
                "description": "",
                "from_port": 80,
                "ipv6_cidr_blocks": [],
                "prefix_list_ids": [],
                "protocol": "tcp",
                "security_groups": [
                  "sg-08b0c802102379a49"
                ],
                "self": false,
                "to_port": 80
              }
            ],
            "name": "bos-ec2-sg01",
            "name_prefix": "",
            "owner_id": "460480222158",
            "region": "us-east-1",
            "revoke_rules_on_delete": false,
            "tags": {
              "Name": "bos-ec2-sg01"
            },
            "tags_all": {
              "Name": "bos-ec2-sg01"
            },
            "timeouts": null,
            "vpc_id": "vpc-0f4559f19f5d9e577"
          },
          "sensitive_attributes": [],
          "identity_schema_version": 0,
          "identity": {
            "account_id": "460480222158",
            "id": "sg-0d65a3013e76a91d2",
            "region": "us-east-1"
          },
          "private": "eyJlMmJmYjczMC1lY2FhLTExZTYtOGY4OC0zNDM2M2JjN2M0YzAiOnsiY3JlYXRlIjo2MDAwMDAwMDAwMDAsImRlbGV0ZSI6OTAwMDAwMDAwMDAwfSwic2NoZW1hX3ZlcnNpb24iOiIxIn0=",
          "dependencies": [
            "aws_vpc.bos_vpc01"
          ]
        }
      ]
    },
    {
      "mode": "managed",
      "type": "aws_security_group",
      "name": "bos_rds_sg01",
      "provider": "provider[\"registry.terraform.io/hashicorp/aws\"]",
      "instances": [
        {
          "schema_version": 1,
          "attributes": {
            "arn": "arn:aws:ec2:us-east-1:460480222158:security-group/sg-00a2c4cac16817000",
            "description": "RDS security group",
            "egress": [
              {
                "cidr_blocks": [
                  "0.0.0.0/0"
                ],
                "description": "Allow all outbound traffic",
                "from_port": 0,
                "ipv6_cidr_blocks": [],
                "prefix_list_ids": [],
                "protocol": "-1",
                "security_groups": [],
                "self": false,
                "to_port": 0
              }
            ],
            "id": "sg-00a2c4cac16817000",
            "ingress": [
              {
                "cidr_blocks": [],
                "description": "Allow MySQL access only from app tier EC2 instances",
                "from_port": 3306,
                "ipv6_cidr_blocks": [],
                "prefix_list_ids": [],
                "protocol": "tcp",
                "security_groups": [
                  "sg-0d65a3013e76a91d2"
                ],
                "self": false,
                "to_port": 3306
              }
            ],
            "name": "bos-rds-sg01",
            "name_prefix": "",
            "owner_id": "460480222158",
            "region": "us-east-1",
            "revoke_rules_on_delete": false,
            "tags": {
              "Name": "bos-rds-sg01"
            },
            "tags_all": {
              "Name": "bos-rds-sg01"
            },
            "timeouts": null,
            "vpc_id": "vpc-0f4559f19f5d9e577"
          },
          "sensitive_attributes": [],
          "identity_schema_version": 0,
          "identity": {
            "account_id": "460480222158",
            "id": "sg-00a2c4cac16817000",
            "region": "us-east-1"
          },
          "private": "eyJlMmJmYjczMC1lY2FhLTExZTYtOGY4OC0zNDM2M2JjN2M0YzAiOnsiY3JlYXRlIjo2MDAwMDAwMDAwMDAsImRlbGV0ZSI6OTAwMDAwMDAwMDAwfSwic2NoZW1hX3ZlcnNpb24iOiIxIn0=",
          "dependencies": [
            "aws_vpc.bos_vpc01"
          ]
        }
      ]
    },
    {
      "mode": "managed",
      "type": "aws_security_group",
      "name": "bos_vpce_sg01",
      "provider": "provider[\"registry.terraform.io/hashicorp/aws\"]",
      "instances": [
        {
          "schema_version": 1,
          "attributes": {
            "arn": "arn:aws:ec2:us-east-1:460480222158:security-group/sg-0c7af62d8ddbc88a7",
            "description": "SG for VPC Interface Endpoints",
            "egress": [],
            "id": "sg-0c7af62d8ddbc88a7",
            "ingress": [],
            "name": "bos-vpce-sg01",
            "name_prefix": "",
            "owner_id": "460480222158",
            "region": "us-east-1",
            "revoke_rules_on_delete": false,
            "tags": {
              "Name": "bos-vpce-sg01"
            },
            "tags_all": {
              "Name": "bos-vpce-sg01"
            },
            "timeouts": null,
            "vpc_id": "vpc-0f4559f19f5d9e577"
          },
          "sensitive_attributes": [],
          "identity_schema_version": 0,
          "identity": {
            "account_id": "460480222158",
            "id": "sg-0c7af62d8ddbc88a7",
            "region": "us-east-1"
          },
          "private": "eyJlMmJmYjczMC1lY2FhLTExZTYtOGY4OC0zNDM2M2JjN2M0YzAiOnsiY3JlYXRlIjo2MDAwMDAwMDAwMDAsImRlbGV0ZSI6OTAwMDAwMDAwMDAwfSwic2NoZW1hX3ZlcnNpb24iOiIxIn0=",
          "dependencies": [
            "aws_vpc.bos_vpc01"
          ]
        }
      ]
    },
    {
      "mode": "managed",
      "type": "aws_security_group_rule",
      "name": "bos_ec2_ingress_from_alb01",
      "provider": "provider[\"registry.terraform.io/hashicorp/aws\"]",
      "instances": [
        {
          "schema_version": 2,
          "attributes": {
            "cidr_blocks": null,
            "description": null,
            "from_port": 80,
            "id": "sgrule-2261074791",
            "ipv6_cidr_blocks": null,
            "prefix_list_ids": null,
            "protocol": "tcp",
            "region": "us-east-1",
            "security_group_id": "sg-0d65a3013e76a91d2",
            "security_group_rule_id": "sgr-07cfe9582c2380c34",
            "self": false,
            "source_security_group_id": "sg-08b0c802102379a49",
            "timeouts": null,
            "to_port": 80,
            "type": "ingress"
          },
          "sensitive_attributes": [],
          "identity_schema_version": 0,
          "private": "eyJlMmJmYjczMC1lY2FhLTExZTYtOGY4OC0zNDM2M2JjN2M0YzAiOnsiY3JlYXRlIjozMDAwMDAwMDAwMDB9LCJzY2hlbWFfdmVyc2lvbiI6IjIifQ==",
          "dependencies": [
            "aws_security_group.bos_alb_sg01",
            "aws_security_group.bos_ec2_sg01",
            "aws_vpc.bos_vpc01"
          ]
        }
      ]
    },
    {
      "mode": "managed",
      "type": "aws_sns_topic",
      "name": "bos_sns_topic01",
      "provider": "provider[\"registry.terraform.io/hashicorp/aws\"]",
      "instances": [
        {
          "schema_version": 0,
          "attributes": {
            "application_failure_feedback_role_arn": "",
            "application_success_feedback_role_arn": "",
            "application_success_feedback_sample_rate": 0,
            "archive_policy": "",
            "arn": "arn:aws:sns:us-east-1:460480222158:bos-db-incidents",
            "beginning_archive_time": "",
            "content_based_deduplication": false,
            "delivery_policy": "",
            "display_name": "",
            "fifo_throughput_scope": "",
            "fifo_topic": false,
            "firehose_failure_feedback_role_arn": "",
            "firehose_success_feedback_role_arn": "",
            "firehose_success_feedback_sample_rate": 0,
            "http_failure_feedback_role_arn": "",
            "http_success_feedback_role_arn": "",
            "http_success_feedback_sample_rate": 0,
            "id": "arn:aws:sns:us-east-1:460480222158:bos-db-incidents",
            "kms_master_key_id": "",
            "lambda_failure_feedback_role_arn": "",
            "lambda_success_feedback_role_arn": "",
            "lambda_success_feedback_sample_rate": 0,
            "name": "bos-db-incidents",
            "name_prefix": "",
            "owner": "460480222158",
            "policy": "{\"Id\":\"__default_policy_ID\",\"Statement\":[{\"Action\":[\"SNS:GetTopicAttributes\",\"SNS:SetTopicAttributes\",\"SNS:AddPermission\",\"SNS:RemovePermission\",\"SNS:DeleteTopic\",\"SNS:Subscribe\",\"SNS:ListSubscriptionsByTopic\",\"SNS:Publish\"],\"Condition\":{\"StringEquals\":{\"AWS:SourceOwner\":\"460480222158\"}},\"Effect\":\"Allow\",\"Principal\":{\"AWS\":\"*\"},\"Resource\":\"arn:aws:sns:us-east-1:460480222158:bos-db-incidents\",\"Sid\":\"__default_statement_ID\"}],\"Version\":\"2008-10-17\"}",
            "region": "us-east-1",
            "signature_version": 0,
            "sqs_failure_feedback_role_arn": "",
            "sqs_success_feedback_role_arn": "",
            "sqs_success_feedback_sample_rate": 0,
            "tags": {},
            "tags_all": {},
            "tracing_config": ""
          },
          "sensitive_attributes": [],
          "identity_schema_version": 0,
          "identity": {
            "arn": "arn:aws:sns:us-east-1:460480222158:bos-db-incidents"
          },
          "private": "bnVsbA=="
        }
      ]
    },
    {
      "mode": "managed",
      "type": "aws_sns_topic_subscription",
      "name": "bos_ir_lambda_sub01",
      "provider": "provider[\"registry.terraform.io/hashicorp/aws\"]",
      "instances": [
        {
          "schema_version": 0,
          "attributes": {
            "arn": "arn:aws:sns:us-east-1:460480222158:bos-db-incidents:3381bbfb-866b-43f8-a21b-f265d50e31ed",
            "confirmation_timeout_in_minutes": 1,
            "confirmation_was_authenticated": true,
            "delivery_policy": "",
            "endpoint": "arn:aws:lambda:us-east-1:460480222158:function:bos-ir-reporter01",
            "endpoint_auto_confirms": false,
            "filter_policy": "",
            "filter_policy_scope": "",
            "id": "arn:aws:sns:us-east-1:460480222158:bos-db-incidents:3381bbfb-866b-43f8-a21b-f265d50e31ed",
            "owner_id": "460480222158",
            "pending_confirmation": false,
            "protocol": "lambda",
            "raw_message_delivery": false,
            "redrive_policy": "",
            "region": "us-east-1",
            "replay_policy": "",
            "subscription_role_arn": "",
            "topic_arn": "arn:aws:sns:us-east-1:460480222158:bos-db-incidents"
          },
          "sensitive_attributes": [],
          "identity_schema_version": 0,
          "identity": {
            "arn": "arn:aws:sns:us-east-1:460480222158:bos-db-incidents:3381bbfb-866b-43f8-a21b-f265d50e31ed"
          },
          "private": "bnVsbA==",
          "dependencies": [
            "aws_iam_role.bos_ir_lambda_role01",
            "aws_lambda_function.bos_ir_lambda01",
            "aws_s3_bucket.bos_ir_reports_bucket01",
            "aws_sns_topic.bos_sns_topic01",
            "data.archive_file.bos_lambda_package",
            "data.aws_caller_identity.current"
          ]
        }
      ]
    },
    {
      "mode": "managed",
      "type": "aws_sns_topic_subscription",
      "name": "bos_sns_sub01",
      "provider": "provider[\"registry.terraform.io/hashicorp/aws\"]",
      "instances": [
        {
          "schema_version": 0,
          "attributes": {
            "arn": "arn:aws:sns:us-east-1:460480222158:bos-db-incidents:904abd55-e834-4ffd-a243-37c795750ed8",
            "confirmation_timeout_in_minutes": 1,
            "confirmation_was_authenticated": false,
            "delivery_policy": "",
            "endpoint": "larrygharris76@gmail.com",
            "endpoint_auto_confirms": false,
            "filter_policy": "",
            "filter_policy_scope": "",
            "id": "arn:aws:sns:us-east-1:460480222158:bos-db-incidents:904abd55-e834-4ffd-a243-37c795750ed8",
            "owner_id": "460480222158",
            "pending_confirmation": true,
            "protocol": "email",
            "raw_message_delivery": false,
            "redrive_policy": "",
            "region": "us-east-1",
            "replay_policy": "",
            "subscription_role_arn": "",
            "topic_arn": "arn:aws:sns:us-east-1:460480222158:bos-db-incidents"
          },
          "sensitive_attributes": [],
          "identity_schema_version": 0,
          "identity": {
            "arn": "arn:aws:sns:us-east-1:460480222158:bos-db-incidents:904abd55-e834-4ffd-a243-37c795750ed8"
          },
          "private": "bnVsbA==",
          "dependencies": [
            "aws_sns_topic.bos_sns_topic01"
          ]
        }
      ]
    },
    {
      "mode": "managed",
      "type": "aws_ssm_parameter",
      "name": "bos_db_endpoint_param",
      "provider": "provider[\"registry.terraform.io/hashicorp/aws\"]",
      "instances": [
        {
          "schema_version": 0,
          "attributes": {
            "allowed_pattern": "",
            "arn": "arn:aws:ssm:us-east-1:460480222158:parameter/bos/db/endpoint",
            "data_type": "text",
            "description": "",
            "has_value_wo": false,
            "id": "/bos/db/endpoint",
            "insecure_value": null,
            "key_id": "",
            "name": "/bos/db/endpoint",
            "overwrite": null,
            "region": "us-east-1",
            "tags": {
              "Name": "bos-param-db-endpoint"
            },
            "tags_all": {
              "Name": "bos-param-db-endpoint"
            },
            "tier": "Standard",
            "type": "String",
            "value": "bos-rds01.cgfeggmumcvi.us-east-1.rds.amazonaws.com",
            "value_wo": null,
            "value_wo_version": null,
            "version": 1
          },
          "sensitive_attributes": [
            [
              {
                "type": "get_attr",
                "value": "value"
              }
            ],
            [
              {
                "type": "get_attr",
                "value": "value_wo"
              }
            ]
          ],
          "identity_schema_version": 0,
          "identity": {
            "account_id": "460480222158",
            "name": "/bos/db/endpoint",
            "region": "us-east-1"
          },
          "private": "bnVsbA==",
          "dependencies": [
            "aws_db_instance.bos_rds01",
            "aws_db_subnet_group.bos_rds_subnet_group01",
            "aws_security_group.bos_rds_sg01",
            "aws_subnet.bos_private_subnets",
            "aws_vpc.bos_vpc01"
          ]
        }
      ]
    },
    {
      "mode": "managed",
      "type": "aws_ssm_parameter",
      "name": "bos_db_name_param",
      "provider": "provider[\"registry.terraform.io/hashicorp/aws\"]",
      "instances": [
        {
          "schema_version": 0,
          "attributes": {
            "allowed_pattern": "",
            "arn": "arn:aws:ssm:us-east-1:460480222158:parameter/bos/db/name",
            "data_type": "text",
            "description": "",
            "has_value_wo": false,
            "id": "/bos/db/name",
            "insecure_value": null,
            "key_id": "",
            "name": "/bos/db/name",
            "overwrite": null,
            "region": "us-east-1",
            "tags": {
              "Name": "bos-param-db-name"
            },
            "tags_all": {
              "Name": "bos-param-db-name"
            },
            "tier": "Standard",
            "type": "String",
            "value": "labdb",
            "value_wo": null,
            "value_wo_version": null,
            "version": 1
          },
          "sensitive_attributes": [
            [
              {
                "type": "get_attr",
                "value": "value"
              }
            ],
            [
              {
                "type": "get_attr",
                "value": "value_wo"
              }
            ]
          ],
          "identity_schema_version": 0,
          "identity": {
            "account_id": "460480222158",
            "name": "/bos/db/name",
            "region": "us-east-1"
          },
          "private": "bnVsbA=="
        }
      ]
    },
    {
      "mode": "managed",
      "type": "aws_ssm_parameter",
      "name": "bos_db_port_param",
      "provider": "provider[\"registry.terraform.io/hashicorp/aws\"]",
      "instances": [
        {
          "schema_version": 0,
          "attributes": {
            "allowed_pattern": "",
            "arn": "arn:aws:ssm:us-east-1:460480222158:parameter/bos/db/port",
            "data_type": "text",
            "description": "",
            "has_value_wo": false,
            "id": "/bos/db/port",
            "insecure_value": null,
            "key_id": "",
            "name": "/bos/db/port",
            "overwrite": null,
            "region": "us-east-1",
            "tags": {
              "Name": "bos-param-db-port"
            },
            "tags_all": {
              "Name": "bos-param-db-port"
            },
            "tier": "Standard",
            "type": "String",
            "value": "3306",
            "value_wo": null,
            "value_wo_version": null,
            "version": 1
          },
          "sensitive_attributes": [
            [
              {
                "type": "get_attr",
                "value": "value"
              }
            ],
            [
              {
                "type": "get_attr",
                "value": "value_wo"
              }
            ]
          ],
          "identity_schema_version": 0,
          "identity": {
            "account_id": "460480222158",
            "name": "/bos/db/port",
            "region": "us-east-1"
          },
          "private": "bnVsbA==",
          "dependencies": [
            "aws_db_instance.bos_rds01",
            "aws_db_subnet_group.bos_rds_subnet_group01",
            "aws_security_group.bos_rds_sg01",
            "aws_subnet.bos_private_subnets",
            "aws_vpc.bos_vpc01"
          ]
        }
      ]
    },
    {
      "mode": "managed",
      "type": "aws_subnet",
      "name": "bos_private_subnets",
      "provider": "provider[\"registry.terraform.io/hashicorp/aws\"]",
      "instances": [
        {
          "index_key": 0,
          "schema_version": 1,
          "attributes": {
            "arn": "arn:aws:ec2:us-east-1:460480222158:subnet/subnet-03e1fadc0b711957a",
            "assign_ipv6_address_on_creation": false,
            "availability_zone": "us-east-1a",
            "availability_zone_id": "use1-az1",
            "cidr_block": "10.26.101.0/24",
            "customer_owned_ipv4_pool": "",
            "enable_dns64": false,
            "enable_lni_at_device_index": 0,
            "enable_resource_name_dns_a_record_on_launch": false,
            "enable_resource_name_dns_aaaa_record_on_launch": false,
            "id": "subnet-03e1fadc0b711957a",
            "ipv6_cidr_block": "",
            "ipv6_cidr_block_association_id": "",
            "ipv6_native": false,
            "map_customer_owned_ip_on_launch": false,
            "map_public_ip_on_launch": false,
            "outpost_arn": "",
            "owner_id": "460480222158",
            "private_dns_hostname_type_on_launch": "ip-name",
            "region": "us-east-1",
            "tags": {
              "Name": "bos-private-subnet01"
            },
            "tags_all": {
              "Name": "bos-private-subnet01"
            },
            "timeouts": null,
            "vpc_id": "vpc-0f4559f19f5d9e577"
          },
          "sensitive_attributes": [],
          "identity_schema_version": 0,
          "identity": {
            "account_id": "460480222158",
            "id": "subnet-03e1fadc0b711957a",
            "region": "us-east-1"
          },
          "private": "eyJlMmJmYjczMC1lY2FhLTExZTYtOGY4OC0zNDM2M2JjN2M0YzAiOnsiY3JlYXRlIjo2MDAwMDAwMDAwMDAsImRlbGV0ZSI6MTIwMDAwMDAwMDAwMH0sInNjaGVtYV92ZXJzaW9uIjoiMSJ9",
          "dependencies": [
            "aws_vpc.bos_vpc01"
          ]
        },
        {
          "index_key": 1,
          "schema_version": 1,
          "attributes": {
            "arn": "arn:aws:ec2:us-east-1:460480222158:subnet/subnet-0200c1a7cb256ed3c",
            "assign_ipv6_address_on_creation": false,
            "availability_zone": "us-east-1b",
            "availability_zone_id": "use1-az2",
            "cidr_block": "10.26.102.0/24",
            "customer_owned_ipv4_pool": "",
            "enable_dns64": false,
            "enable_lni_at_device_index": 0,
            "enable_resource_name_dns_a_record_on_launch": false,
            "enable_resource_name_dns_aaaa_record_on_launch": false,
            "id": "subnet-0200c1a7cb256ed3c",
            "ipv6_cidr_block": "",
            "ipv6_cidr_block_association_id": "",
            "ipv6_native": false,
            "map_customer_owned_ip_on_launch": false,
            "map_public_ip_on_launch": false,
            "outpost_arn": "",
            "owner_id": "460480222158",
            "private_dns_hostname_type_on_launch": "ip-name",
            "region": "us-east-1",
            "tags": {
              "Name": "bos-private-subnet02"
            },
            "tags_all": {
              "Name": "bos-private-subnet02"
            },
            "timeouts": null,
            "vpc_id": "vpc-0f4559f19f5d9e577"
          },
          "sensitive_attributes": [],
          "identity_schema_version": 0,
          "identity": {
            "account_id": "460480222158",
            "id": "subnet-0200c1a7cb256ed3c",
            "region": "us-east-1"
          },
          "private": "eyJlMmJmYjczMC1lY2FhLTExZTYtOGY4OC0zNDM2M2JjN2M0YzAiOnsiY3JlYXRlIjo2MDAwMDAwMDAwMDAsImRlbGV0ZSI6MTIwMDAwMDAwMDAwMH0sInNjaGVtYV92ZXJzaW9uIjoiMSJ9",
          "dependencies": [
            "aws_vpc.bos_vpc01"
          ]
        }
      ]
    },
    {
      "mode": "managed",
      "type": "aws_subnet",
      "name": "bos_public_subnets",
      "provider": "provider[\"registry.terraform.io/hashicorp/aws\"]",
      "instances": [
        {
          "index_key": 0,
          "schema_version": 1,
          "attributes": {
            "arn": "arn:aws:ec2:us-east-1:460480222158:subnet/subnet-0c85a0a825cfcc834",
            "assign_ipv6_address_on_creation": false,
            "availability_zone": "us-east-1a",
            "availability_zone_id": "use1-az1",
            "cidr_block": "10.26.1.0/24",
            "customer_owned_ipv4_pool": "",
            "enable_dns64": false,
            "enable_lni_at_device_index": 0,
            "enable_resource_name_dns_a_record_on_launch": false,
            "enable_resource_name_dns_aaaa_record_on_launch": false,
            "id": "subnet-0c85a0a825cfcc834",
            "ipv6_cidr_block": "",
            "ipv6_cidr_block_association_id": "",
            "ipv6_native": false,
            "map_customer_owned_ip_on_launch": false,
            "map_public_ip_on_launch": true,
            "outpost_arn": "",
            "owner_id": "460480222158",
            "private_dns_hostname_type_on_launch": "ip-name",
            "region": "us-east-1",
            "tags": {
              "Name": "bos-public-subnet01"
            },
            "tags_all": {
              "Name": "bos-public-subnet01"
            },
            "timeouts": null,
            "vpc_id": "vpc-0f4559f19f5d9e577"
          },
          "sensitive_attributes": [],
          "identity_schema_version": 0,
          "identity": {
            "account_id": "460480222158",
            "id": "subnet-0c85a0a825cfcc834",
            "region": "us-east-1"
          },
          "private": "eyJlMmJmYjczMC1lY2FhLTExZTYtOGY4OC0zNDM2M2JjN2M0YzAiOnsiY3JlYXRlIjo2MDAwMDAwMDAwMDAsImRlbGV0ZSI6MTIwMDAwMDAwMDAwMH0sInNjaGVtYV92ZXJzaW9uIjoiMSJ9",
          "dependencies": [
            "aws_vpc.bos_vpc01"
          ]
        },
        {
          "index_key": 1,
          "schema_version": 1,
          "attributes": {
            "arn": "arn:aws:ec2:us-east-1:460480222158:subnet/subnet-050d58a4f5d869c4d",
            "assign_ipv6_address_on_creation": false,
            "availability_zone": "us-east-1b",
            "availability_zone_id": "use1-az2",
            "cidr_block": "10.26.2.0/24",
            "customer_owned_ipv4_pool": "",
            "enable_dns64": false,
            "enable_lni_at_device_index": 0,
            "enable_resource_name_dns_a_record_on_launch": false,
            "enable_resource_name_dns_aaaa_record_on_launch": false,
            "id": "subnet-050d58a4f5d869c4d",
            "ipv6_cidr_block": "",
            "ipv6_cidr_block_association_id": "",
            "ipv6_native": false,
            "map_customer_owned_ip_on_launch": false,
            "map_public_ip_on_launch": true,
            "outpost_arn": "",
            "owner_id": "460480222158",
            "private_dns_hostname_type_on_launch": "ip-name",
            "region": "us-east-1",
            "tags": {
              "Name": "bos-public-subnet02"
            },
            "tags_all": {
              "Name": "bos-public-subnet02"
            },
            "timeouts": null,
            "vpc_id": "vpc-0f4559f19f5d9e577"
          },
          "sensitive_attributes": [],
          "identity_schema_version": 0,
          "identity": {
            "account_id": "460480222158",
            "id": "subnet-050d58a4f5d869c4d",
            "region": "us-east-1"
          },
          "private": "eyJlMmJmYjczMC1lY2FhLTExZTYtOGY4OC0zNDM2M2JjN2M0YzAiOnsiY3JlYXRlIjo2MDAwMDAwMDAwMDAsImRlbGV0ZSI6MTIwMDAwMDAwMDAwMH0sInNjaGVtYV92ZXJzaW9uIjoiMSJ9",
          "dependencies": [
            "aws_vpc.bos_vpc01"
          ]
        }
      ]
    },
    {
      "mode": "managed",
      "type": "aws_vpc",
      "name": "bos_vpc01",
      "provider": "provider[\"registry.terraform.io/hashicorp/aws\"]",
      "instances": [
        {
          "schema_version": 1,
          "attributes": {
            "arn": "arn:aws:ec2:us-east-1:460480222158:vpc/vpc-0f4559f19f5d9e577",
            "assign_generated_ipv6_cidr_block": false,
            "cidr_block": "10.26.0.0/16",
            "default_network_acl_id": "acl-09e26f437c9d036c9",
            "default_route_table_id": "rtb-0d37cb3206e8e862d",
            "default_security_group_id": "sg-04471ac2a77323d9e",
            "dhcp_options_id": "dopt-009f1520b68d1b543",
            "enable_dns_hostnames": true,
            "enable_dns_support": true,
            "enable_network_address_usage_metrics": false,
            "id": "vpc-0f4559f19f5d9e577",
            "instance_tenancy": "default",
            "ipv4_ipam_pool_id": null,
            "ipv4_netmask_length": null,
            "ipv6_association_id": "",
            "ipv6_cidr_block": "",
            "ipv6_cidr_block_network_border_group": "",
            "ipv6_ipam_pool_id": "",
            "ipv6_netmask_length": 0,
            "main_route_table_id": "rtb-0d37cb3206e8e862d",
            "owner_id": "460480222158",
            "region": "us-east-1",
            "tags": {
              "Name": "bos-vpc01"
            },
            "tags_all": {
              "Name": "bos-vpc01"
            }
          },
          "sensitive_attributes": [],
          "identity_schema_version": 0,
          "identity": {
            "account_id": "460480222158",
            "id": "vpc-0f4559f19f5d9e577",
            "region": "us-east-1"
          },
          "private": "eyJzY2hlbWFfdmVyc2lvbiI6IjEifQ=="
        }
      ]
    },
    {
      "mode": "managed",
      "type": "aws_vpc_endpoint",
      "name": "bos_vpce_ec2messages01",
      "provider": "provider[\"registry.terraform.io/hashicorp/aws\"]",
      "instances": [
        {
          "schema_version": 0,
          "attributes": {
            "arn": "arn:aws:ec2:us-east-1:460480222158:vpc-endpoint/vpce-05be980383ee7fa1d",
            "auto_accept": null,
            "cidr_blocks": [],
            "dns_entry": [
              {
                "dns_name": "vpce-05be980383ee7fa1d-4mrzcmyw.ec2messages.us-east-1.vpce.amazonaws.com",
                "hosted_zone_id": "Z7HUB22UULQXV"
              },
              {
                "dns_name": "vpce-05be980383ee7fa1d-4mrzcmyw-us-east-1b.ec2messages.us-east-1.vpce.amazonaws.com",
                "hosted_zone_id": "Z7HUB22UULQXV"
              },
              {
                "dns_name": "vpce-05be980383ee7fa1d-4mrzcmyw-us-east-1a.ec2messages.us-east-1.vpce.amazonaws.com",
                "hosted_zone_id": "Z7HUB22UULQXV"
              },
              {
                "dns_name": "ec2messages.us-east-1.amazonaws.com",
                "hosted_zone_id": "Z01705913FYHOPTGDU7SP"
              }
            ],
            "dns_options": [
              {
                "dns_record_ip_type": "ipv4",
                "private_dns_only_for_inbound_resolver_endpoint": false
              }
            ],
            "id": "vpce-05be980383ee7fa1d",
            "ip_address_type": "ipv4",
            "network_interface_ids": [
              "eni-0554f793def904cd9",
              "eni-06456d85318ac5dbd"
            ],
            "owner_id": "460480222158",
            "policy": "{\"Statement\":[{\"Action\":\"*\",\"Effect\":\"Allow\",\"Principal\":\"*\",\"Resource\":\"*\"}]}",
            "prefix_list_id": null,
            "private_dns_enabled": true,
            "region": "us-east-1",
            "requester_managed": false,
            "resource_configuration_arn": "",
            "route_table_ids": [],
            "security_group_ids": [
              "sg-0c7af62d8ddbc88a7"
            ],
            "service_name": "com.amazonaws.us-east-1.ec2messages",
            "service_network_arn": "",
            "service_region": "us-east-1",
            "state": "available",
            "subnet_configuration": [
              {
                "ipv4": "10.26.101.127",
                "ipv6": "",
                "subnet_id": "subnet-03e1fadc0b711957a"
              },
              {
                "ipv4": "10.26.102.175",
                "ipv6": "",
                "subnet_id": "subnet-0200c1a7cb256ed3c"
              }
            ],
            "subnet_ids": [
              "subnet-0200c1a7cb256ed3c",
              "subnet-03e1fadc0b711957a"
            ],
            "tags": {
              "Name": "bos-vpce-ec2messages01"
            },
            "tags_all": {
              "Name": "bos-vpce-ec2messages01"
            },
            "timeouts": null,
            "vpc_endpoint_type": "Interface",
            "vpc_id": "vpc-0f4559f19f5d9e577"
          },
          "sensitive_attributes": [],
          "identity_schema_version": 0,
          "identity": {
            "account_id": "460480222158",
            "id": "vpce-05be980383ee7fa1d",
            "region": "us-east-1"
          },
          "private": "eyJlMmJmYjczMC1lY2FhLTExZTYtOGY4OC0zNDM2M2JjN2M0YzAiOnsiY3JlYXRlIjo2MDAwMDAwMDAwMDAsImRlbGV0ZSI6NjAwMDAwMDAwMDAwLCJ1cGRhdGUiOjYwMDAwMDAwMDAwMH19",
          "dependencies": [
            "aws_security_group.bos_vpce_sg01",
            "aws_subnet.bos_private_subnets",
            "aws_vpc.bos_vpc01",
            "data.aws_region.bos_region01"
          ]
        }
      ]
    },
    {
      "mode": "managed",
      "type": "aws_vpc_endpoint",
      "name": "bos_vpce_kms01",
      "provider": "provider[\"registry.terraform.io/hashicorp/aws\"]",
      "instances": [
        {
          "schema_version": 0,
          "attributes": {
            "arn": "arn:aws:ec2:us-east-1:460480222158:vpc-endpoint/vpce-026542150f78ebc65",
            "auto_accept": null,
            "cidr_blocks": [],
            "dns_entry": [
              {
                "dns_name": "vpce-026542150f78ebc65-yts6k317.kms.us-east-1.vpce.amazonaws.com",
                "hosted_zone_id": "Z7HUB22UULQXV"
              },
              {
                "dns_name": "vpce-026542150f78ebc65-yts6k317-us-east-1b.kms.us-east-1.vpce.amazonaws.com",
                "hosted_zone_id": "Z7HUB22UULQXV"
              },
              {
                "dns_name": "vpce-026542150f78ebc65-yts6k317-us-east-1a.kms.us-east-1.vpce.amazonaws.com",
                "hosted_zone_id": "Z7HUB22UULQXV"
              },
              {
                "dns_name": "kms.us-east-1.amazonaws.com",
                "hosted_zone_id": "Z03493792SOZNTS2CUPZR"
              },
              {
                "dns_name": "kms.us-east-1.api.aws",
                "hosted_zone_id": "Z09809412V9E6VFMGID74"
              }
            ],
            "dns_options": [
              {
                "dns_record_ip_type": "ipv4",
                "private_dns_only_for_inbound_resolver_endpoint": false
              }
            ],
            "id": "vpce-026542150f78ebc65",
            "ip_address_type": "ipv4",
            "network_interface_ids": [
              "eni-0527f4e3ff3a5df80",
              "eni-05ceae267dcd50dfe"
            ],
            "owner_id": "460480222158",
            "policy": "{\"Statement\":[{\"Action\":\"*\",\"Effect\":\"Allow\",\"Principal\":\"*\",\"Resource\":\"*\"}]}",
            "prefix_list_id": null,
            "private_dns_enabled": true,
            "region": "us-east-1",
            "requester_managed": false,
            "resource_configuration_arn": "",
            "route_table_ids": [],
            "security_group_ids": [
              "sg-0c7af62d8ddbc88a7"
            ],
            "service_name": "com.amazonaws.us-east-1.kms",
            "service_network_arn": "",
            "service_region": "us-east-1",
            "state": "available",
            "subnet_configuration": [
              {
                "ipv4": "10.26.101.5",
                "ipv6": "",
                "subnet_id": "subnet-03e1fadc0b711957a"
              },
              {
                "ipv4": "10.26.102.196",
                "ipv6": "",
                "subnet_id": "subnet-0200c1a7cb256ed3c"
              }
            ],
            "subnet_ids": [
              "subnet-0200c1a7cb256ed3c",
              "subnet-03e1fadc0b711957a"
            ],
            "tags": {
              "Name": "bos-vpce-kms01"
            },
            "tags_all": {
              "Name": "bos-vpce-kms01"
            },
            "timeouts": null,
            "vpc_endpoint_type": "Interface",
            "vpc_id": "vpc-0f4559f19f5d9e577"
          },
          "sensitive_attributes": [],
          "identity_schema_version": 0,
          "identity": {
            "account_id": "460480222158",
            "id": "vpce-026542150f78ebc65",
            "region": "us-east-1"
          },
          "private": "eyJlMmJmYjczMC1lY2FhLTExZTYtOGY4OC0zNDM2M2JjN2M0YzAiOnsiY3JlYXRlIjo2MDAwMDAwMDAwMDAsImRlbGV0ZSI6NjAwMDAwMDAwMDAwLCJ1cGRhdGUiOjYwMDAwMDAwMDAwMH19",
          "dependencies": [
            "aws_security_group.bos_vpce_sg01",
            "aws_subnet.bos_private_subnets",
            "aws_vpc.bos_vpc01",
            "data.aws_region.bos_region01"
          ]
        }
      ]
    },
    {
      "mode": "managed",
      "type": "aws_vpc_endpoint",
      "name": "bos_vpce_logs01",
      "provider": "provider[\"registry.terraform.io/hashicorp/aws\"]",
      "instances": [
        {
          "schema_version": 0,
          "attributes": {
            "arn": "arn:aws:ec2:us-east-1:460480222158:vpc-endpoint/vpce-0ad2a00d6e3d7e30d",
            "auto_accept": null,
            "cidr_blocks": [],
            "dns_entry": [
              {
                "dns_name": "vpce-0ad2a00d6e3d7e30d-27srdq8t.logs.us-east-1.vpce.amazonaws.com",
                "hosted_zone_id": "Z7HUB22UULQXV"
              },
              {
                "dns_name": "vpce-0ad2a00d6e3d7e30d-27srdq8t-us-east-1a.logs.us-east-1.vpce.amazonaws.com",
                "hosted_zone_id": "Z7HUB22UULQXV"
              },
              {
                "dns_name": "vpce-0ad2a00d6e3d7e30d-27srdq8t-us-east-1b.logs.us-east-1.vpce.amazonaws.com",
                "hosted_zone_id": "Z7HUB22UULQXV"
              },
              {
                "dns_name": "logs.us-east-1.amazonaws.com",
                "hosted_zone_id": "Z03452142FOZF7RHPDOW8"
              },
              {
                "dns_name": "streaming-logs.us-east-1.amazonaws.com",
                "hosted_zone_id": "Z03452013F5OIK4FF56BP"
              },
              {
                "dns_name": "streaming-logs.us-east-1.api.aws",
                "hosted_zone_id": "Z09799109R4MR0ENP9K0"
              },
              {
                "dns_name": "logs.us-east-1.api.aws",
                "hosted_zone_id": "Z03500533NHEKTZPE9T4S"
              }
            ],
            "dns_options": [
              {
                "dns_record_ip_type": "ipv4",
                "private_dns_only_for_inbound_resolver_endpoint": false
              }
            ],
            "id": "vpce-0ad2a00d6e3d7e30d",
            "ip_address_type": "ipv4",
            "network_interface_ids": [
              "eni-0320785335effb847",
              "eni-0d6beea2004f4ded6"
            ],
            "owner_id": "460480222158",
            "policy": "{\"Statement\":[{\"Action\":\"*\",\"Effect\":\"Allow\",\"Principal\":\"*\",\"Resource\":\"*\"}]}",
            "prefix_list_id": null,
            "private_dns_enabled": true,
            "region": "us-east-1",
            "requester_managed": false,
            "resource_configuration_arn": "",
            "route_table_ids": [],
            "security_group_ids": [
              "sg-0c7af62d8ddbc88a7"
            ],
            "service_name": "com.amazonaws.us-east-1.logs",
            "service_network_arn": "",
            "service_region": "us-east-1",
            "state": "available",
            "subnet_configuration": [
              {
                "ipv4": "10.26.101.208",
                "ipv6": "",
                "subnet_id": "subnet-03e1fadc0b711957a"
              },
              {
                "ipv4": "10.26.102.42",
                "ipv6": "",
                "subnet_id": "subnet-0200c1a7cb256ed3c"
              }
            ],
            "subnet_ids": [
              "subnet-0200c1a7cb256ed3c",
              "subnet-03e1fadc0b711957a"
            ],
            "tags": {
              "Name": "bos-vpce-logs01"
            },
            "tags_all": {
              "Name": "bos-vpce-logs01"
            },
            "timeouts": null,
            "vpc_endpoint_type": "Interface",
            "vpc_id": "vpc-0f4559f19f5d9e577"
          },
          "sensitive_attributes": [],
          "identity_schema_version": 0,
          "identity": {
            "account_id": "460480222158",
            "id": "vpce-0ad2a00d6e3d7e30d",
            "region": "us-east-1"
          },
          "private": "eyJlMmJmYjczMC1lY2FhLTExZTYtOGY4OC0zNDM2M2JjN2M0YzAiOnsiY3JlYXRlIjo2MDAwMDAwMDAwMDAsImRlbGV0ZSI6NjAwMDAwMDAwMDAwLCJ1cGRhdGUiOjYwMDAwMDAwMDAwMH19",
          "dependencies": [
            "aws_security_group.bos_vpce_sg01",
            "aws_subnet.bos_private_subnets",
            "aws_vpc.bos_vpc01",
            "data.aws_region.bos_region01"
          ]
        }
      ]
    },
    {
      "mode": "managed",
      "type": "aws_vpc_endpoint",
      "name": "bos_vpce_s3_gw01",
      "provider": "provider[\"registry.terraform.io/hashicorp/aws\"]",
      "instances": [
        {
          "schema_version": 0,
          "attributes": {
            "arn": "arn:aws:ec2:us-east-1:460480222158:vpc-endpoint/vpce-059b868c6c952604c",
            "auto_accept": null,
            "cidr_blocks": [
              "16.15.176.0/20",
              "16.182.0.0/16",
              "18.34.0.0/19",
              "52.216.0.0/15",
              "54.231.0.0/16",
              "3.5.0.0/19",
              "18.34.232.0/21",
              "16.15.192.0/18"
            ],
            "dns_entry": [],
            "dns_options": [
              {
                "dns_record_ip_type": "service-defined",
                "private_dns_only_for_inbound_resolver_endpoint": false
              }
            ],
            "id": "vpce-059b868c6c952604c",
            "ip_address_type": "ipv4",
            "network_interface_ids": [],
            "owner_id": "460480222158",
            "policy": "{\"Statement\":[{\"Action\":\"*\",\"Effect\":\"Allow\",\"Principal\":\"*\",\"Resource\":\"*\"}],\"Version\":\"2008-10-17\"}",
            "prefix_list_id": "pl-63a5400a",
            "private_dns_enabled": false,
            "region": "us-east-1",
            "requester_managed": false,
            "resource_configuration_arn": "",
            "route_table_ids": [
              "rtb-0457df42dff2219a6"
            ],
            "security_group_ids": [],
            "service_name": "com.amazonaws.us-east-1.s3",
            "service_network_arn": "",
            "service_region": "us-east-1",
            "state": "available",
            "subnet_configuration": [],
            "subnet_ids": [],
            "tags": {
              "Name": "bos-vpce-s3-gw01"
            },
            "tags_all": {
              "Name": "bos-vpce-s3-gw01"
            },
            "timeouts": null,
            "vpc_endpoint_type": "Gateway",
            "vpc_id": "vpc-0f4559f19f5d9e577"
          },
          "sensitive_attributes": [],
          "identity_schema_version": 0,
          "identity": {
            "account_id": "460480222158",
            "id": "vpce-059b868c6c952604c",
            "region": "us-east-1"
          },
          "private": "eyJlMmJmYjczMC1lY2FhLTExZTYtOGY4OC0zNDM2M2JjN2M0YzAiOnsiY3JlYXRlIjo2MDAwMDAwMDAwMDAsImRlbGV0ZSI6NjAwMDAwMDAwMDAwLCJ1cGRhdGUiOjYwMDAwMDAwMDAwMH19",
          "dependencies": [
            "aws_route_table.bos_private_rt01",
            "aws_vpc.bos_vpc01",
            "data.aws_region.bos_region01"
          ]
        }
      ]
    },
    {
      "mode": "managed",
      "type": "aws_vpc_endpoint",
      "name": "bos_vpce_secrets01",
      "provider": "provider[\"registry.terraform.io/hashicorp/aws\"]",
      "instances": [
        {
          "schema_version": 0,
          "attributes": {
            "arn": "arn:aws:ec2:us-east-1:460480222158:vpc-endpoint/vpce-039f677732402d5ca",
            "auto_accept": null,
            "cidr_blocks": [],
            "dns_entry": [
              {
                "dns_name": "vpce-039f677732402d5ca-vblvd6kg.secretsmanager.us-east-1.vpce.amazonaws.com",
                "hosted_zone_id": "Z7HUB22UULQXV"
              },
              {
                "dns_name": "vpce-039f677732402d5ca-vblvd6kg-us-east-1b.secretsmanager.us-east-1.vpce.amazonaws.com",
                "hosted_zone_id": "Z7HUB22UULQXV"
              },
              {
                "dns_name": "vpce-039f677732402d5ca-vblvd6kg-us-east-1a.secretsmanager.us-east-1.vpce.amazonaws.com",
                "hosted_zone_id": "Z7HUB22UULQXV"
              },
              {
                "dns_name": "secretsmanager.us-east-1.amazonaws.com",
                "hosted_zone_id": "Z0980870386B6Q3QLL5X"
              }
            ],
            "dns_options": [
              {
                "dns_record_ip_type": "ipv4",
                "private_dns_only_for_inbound_resolver_endpoint": false
              }
            ],
            "id": "vpce-039f677732402d5ca",
            "ip_address_type": "ipv4",
            "network_interface_ids": [
              "eni-03dab2ecc1f2e2a4e",
              "eni-079f85fc5f627e03f"
            ],
            "owner_id": "460480222158",
            "policy": "{\"Statement\":[{\"Action\":\"*\",\"Effect\":\"Allow\",\"Principal\":\"*\",\"Resource\":\"*\"}]}",
            "prefix_list_id": null,
            "private_dns_enabled": true,
            "region": "us-east-1",
            "requester_managed": false,
            "resource_configuration_arn": "",
            "route_table_ids": [],
            "security_group_ids": [
              "sg-0c7af62d8ddbc88a7"
            ],
            "service_name": "com.amazonaws.us-east-1.secretsmanager",
            "service_network_arn": "",
            "service_region": "us-east-1",
            "state": "available",
            "subnet_configuration": [
              {
                "ipv4": "10.26.101.137",
                "ipv6": "",
                "subnet_id": "subnet-03e1fadc0b711957a"
              },
              {
                "ipv4": "10.26.102.204",
                "ipv6": "",
                "subnet_id": "subnet-0200c1a7cb256ed3c"
              }
            ],
            "subnet_ids": [
              "subnet-0200c1a7cb256ed3c",
              "subnet-03e1fadc0b711957a"
            ],
            "tags": {
              "Name": "bos-vpce-secrets01"
            },
            "tags_all": {
              "Name": "bos-vpce-secrets01"
            },
            "timeouts": null,
            "vpc_endpoint_type": "Interface",
            "vpc_id": "vpc-0f4559f19f5d9e577"
          },
          "sensitive_attributes": [],
          "identity_schema_version": 0,
          "identity": {
            "account_id": "460480222158",
            "id": "vpce-039f677732402d5ca",
            "region": "us-east-1"
          },
          "private": "eyJlMmJmYjczMC1lY2FhLTExZTYtOGY4OC0zNDM2M2JjN2M0YzAiOnsiY3JlYXRlIjo2MDAwMDAwMDAwMDAsImRlbGV0ZSI6NjAwMDAwMDAwMDAwLCJ1cGRhdGUiOjYwMDAwMDAwMDAwMH19",
          "dependencies": [
            "aws_security_group.bos_vpce_sg01",
            "aws_subnet.bos_private_subnets",
            "aws_vpc.bos_vpc01",
            "data.aws_region.bos_region01"
          ]
        }
      ]
    },
    {
      "mode": "managed",
      "type": "aws_vpc_endpoint",
      "name": "bos_vpce_ssm01",
      "provider": "provider[\"registry.terraform.io/hashicorp/aws\"]",
      "instances": [
        {
          "schema_version": 0,
          "attributes": {
            "arn": "arn:aws:ec2:us-east-1:460480222158:vpc-endpoint/vpce-0cfd5acdf366dfa31",
            "auto_accept": null,
            "cidr_blocks": [],
            "dns_entry": [
              {
                "dns_name": "vpce-0cfd5acdf366dfa31-my176rlx.ssm.us-east-1.vpce.amazonaws.com",
                "hosted_zone_id": "Z7HUB22UULQXV"
              },
              {
                "dns_name": "vpce-0cfd5acdf366dfa31-my176rlx-us-east-1a.ssm.us-east-1.vpce.amazonaws.com",
                "hosted_zone_id": "Z7HUB22UULQXV"
              },
              {
                "dns_name": "vpce-0cfd5acdf366dfa31-my176rlx-us-east-1b.ssm.us-east-1.vpce.amazonaws.com",
                "hosted_zone_id": "Z7HUB22UULQXV"
              },
              {
                "dns_name": "ssm.us-east-1.amazonaws.com",
                "hosted_zone_id": "Z03492801XMN8TS5UEWY9"
              },
              {
                "dns_name": "ssm.us-east-1.api.aws",
                "hosted_zone_id": "Z03501671X9AGZVDM11UI"
              }
            ],
            "dns_options": [
              {
                "dns_record_ip_type": "ipv4",
                "private_dns_only_for_inbound_resolver_endpoint": false
              }
            ],
            "id": "vpce-0cfd5acdf366dfa31",
            "ip_address_type": "ipv4",
            "network_interface_ids": [
              "eni-05914871e5d35f4e0",
              "eni-0a062b447420b698a"
            ],
            "owner_id": "460480222158",
            "policy": "{\"Statement\":[{\"Action\":\"*\",\"Effect\":\"Allow\",\"Principal\":\"*\",\"Resource\":\"*\"}]}",
            "prefix_list_id": null,
            "private_dns_enabled": true,
            "region": "us-east-1",
            "requester_managed": false,
            "resource_configuration_arn": "",
            "route_table_ids": [],
            "security_group_ids": [
              "sg-0c7af62d8ddbc88a7"
            ],
            "service_name": "com.amazonaws.us-east-1.ssm",
            "service_network_arn": "",
            "service_region": "us-east-1",
            "state": "available",
            "subnet_configuration": [
              {
                "ipv4": "10.26.101.98",
                "ipv6": "",
                "subnet_id": "subnet-03e1fadc0b711957a"
              },
              {
                "ipv4": "10.26.102.125",
                "ipv6": "",
                "subnet_id": "subnet-0200c1a7cb256ed3c"
              }
            ],
            "subnet_ids": [
              "subnet-0200c1a7cb256ed3c",
              "subnet-03e1fadc0b711957a"
            ],
            "tags": {
              "Name": "bos-vpce-ssm01"
            },
            "tags_all": {
              "Name": "bos-vpce-ssm01"
            },
            "timeouts": null,
            "vpc_endpoint_type": "Interface",
            "vpc_id": "vpc-0f4559f19f5d9e577"
          },
          "sensitive_attributes": [],
          "identity_schema_version": 0,
          "identity": {
            "account_id": "460480222158",
            "id": "vpce-0cfd5acdf366dfa31",
            "region": "us-east-1"
          },
          "private": "eyJlMmJmYjczMC1lY2FhLTExZTYtOGY4OC0zNDM2M2JjN2M0YzAiOnsiY3JlYXRlIjo2MDAwMDAwMDAwMDAsImRlbGV0ZSI6NjAwMDAwMDAwMDAwLCJ1cGRhdGUiOjYwMDAwMDAwMDAwMH19",
          "dependencies": [
            "aws_security_group.bos_vpce_sg01",
            "aws_subnet.bos_private_subnets",
            "aws_vpc.bos_vpc01",
            "data.aws_region.bos_region01"
          ]
        }
      ]
    },
    {
      "mode": "managed",
      "type": "aws_vpc_endpoint",
      "name": "bos_vpce_ssmmessages01",
      "provider": "provider[\"registry.terraform.io/hashicorp/aws\"]",
      "instances": [
        {
          "schema_version": 0,
          "attributes": {
            "arn": "arn:aws:ec2:us-east-1:460480222158:vpc-endpoint/vpce-0dcbb5b8febd6013e",
            "auto_accept": null,
            "cidr_blocks": [],
            "dns_entry": [
              {
                "dns_name": "vpce-0dcbb5b8febd6013e-pbqtmd8d.ssmmessages.us-east-1.vpce.amazonaws.com",
                "hosted_zone_id": "Z7HUB22UULQXV"
              },
              {
                "dns_name": "vpce-0dcbb5b8febd6013e-pbqtmd8d-us-east-1b.ssmmessages.us-east-1.vpce.amazonaws.com",
                "hosted_zone_id": "Z7HUB22UULQXV"
              },
              {
                "dns_name": "vpce-0dcbb5b8febd6013e-pbqtmd8d-us-east-1a.ssmmessages.us-east-1.vpce.amazonaws.com",
                "hosted_zone_id": "Z7HUB22UULQXV"
              },
              {
                "dns_name": "ssmmessages.us-east-1.amazonaws.com",
                "hosted_zone_id": "Z01698891WBW6W4XG0512"
              },
              {
                "dns_name": "ssmmessages.us-east-1.api.aws",
                "hosted_zone_id": "Z0818259NODHODY1XLHB"
              }
            ],
            "dns_options": [
              {
                "dns_record_ip_type": "ipv4",
                "private_dns_only_for_inbound_resolver_endpoint": false
              }
            ],
            "id": "vpce-0dcbb5b8febd6013e",
            "ip_address_type": "ipv4",
            "network_interface_ids": [
              "eni-05f763a3807416acd",
              "eni-08eeac8ce46aace81"
            ],
            "owner_id": "460480222158",
            "policy": "{\"Statement\":[{\"Action\":\"*\",\"Effect\":\"Allow\",\"Principal\":\"*\",\"Resource\":\"*\"}]}",
            "prefix_list_id": null,
            "private_dns_enabled": true,
            "region": "us-east-1",
            "requester_managed": false,
            "resource_configuration_arn": "",
            "route_table_ids": [],
            "security_group_ids": [
              "sg-0c7af62d8ddbc88a7"
            ],
            "service_name": "com.amazonaws.us-east-1.ssmmessages",
            "service_network_arn": "",
            "service_region": "us-east-1",
            "state": "available",
            "subnet_configuration": [
              {
                "ipv4": "10.26.101.123",
                "ipv6": "",
                "subnet_id": "subnet-03e1fadc0b711957a"
              },
              {
                "ipv4": "10.26.102.220",
                "ipv6": "",
                "subnet_id": "subnet-0200c1a7cb256ed3c"
              }
            ],
            "subnet_ids": [
              "subnet-0200c1a7cb256ed3c",
              "subnet-03e1fadc0b711957a"
            ],
            "tags": {
              "Name": "bos-vpce-ssmmessages01"
            },
            "tags_all": {
              "Name": "bos-vpce-ssmmessages01"
            },
            "timeouts": null,
            "vpc_endpoint_type": "Interface",
            "vpc_id": "vpc-0f4559f19f5d9e577"
          },
          "sensitive_attributes": [],
          "identity_schema_version": 0,
          "identity": {
            "account_id": "460480222158",
            "id": "vpce-0dcbb5b8febd6013e",
            "region": "us-east-1"
          },
          "private": "eyJlMmJmYjczMC1lY2FhLTExZTYtOGY4OC0zNDM2M2JjN2M0YzAiOnsiY3JlYXRlIjo2MDAwMDAwMDAwMDAsImRlbGV0ZSI6NjAwMDAwMDAwMDAwLCJ1cGRhdGUiOjYwMDAwMDAwMDAwMH19",
          "dependencies": [
            "aws_security_group.bos_vpce_sg01",
            "aws_subnet.bos_private_subnets",
            "aws_vpc.bos_vpc01",
            "data.aws_region.bos_region01"
          ]
        }
      ]
    },
    {
      "mode": "managed",
      "type": "aws_vpc_security_group_egress_rule",
      "name": "bos_alb_egress",
      "provider": "provider[\"registry.terraform.io/hashicorp/aws\"]",
      "instances": [
        {
          "schema_version": 0,
          "attributes": {
            "arn": "arn:aws:ec2:us-east-1:460480222158:security-group-rule/sgr-0ad50dd64993e9dd9",
            "cidr_ipv4": "0.0.0.0/0",
            "cidr_ipv6": null,
            "description": "Allow all outbound traffic",
            "from_port": null,
            "id": "sgr-0ad50dd64993e9dd9",
            "ip_protocol": "-1",
            "prefix_list_id": null,
            "referenced_security_group_id": null,
            "region": "us-east-1",
            "security_group_id": "sg-08b0c802102379a49",
            "security_group_rule_id": "sgr-0ad50dd64993e9dd9",
            "tags": null,
            "tags_all": {},
            "to_port": null
          },
          "sensitive_attributes": [],
          "identity_schema_version": 0,
          "identity": {
            "account_id": "460480222158",
            "id": "sgr-0ad50dd64993e9dd9",
            "region": "us-east-1"
          },
          "dependencies": [
            "aws_security_group.bos_alb_sg01",
            "aws_vpc.bos_vpc01"
          ]
        }
      ]
    },
    {
      "mode": "managed",
      "type": "aws_vpc_security_group_egress_rule",
      "name": "ec2_all_traffic_ipv4",
      "provider": "provider[\"registry.terraform.io/hashicorp/aws\"]",
      "instances": [
        {
          "schema_version": 0,
          "attributes": {
            "arn": "arn:aws:ec2:us-east-1:460480222158:security-group-rule/sgr-055ecc5c132176fad",
            "cidr_ipv4": "0.0.0.0/0",
            "cidr_ipv6": null,
            "description": null,
            "from_port": null,
            "id": "sgr-055ecc5c132176fad",
            "ip_protocol": "-1",
            "prefix_list_id": null,
            "referenced_security_group_id": null,
            "region": "us-east-1",
            "security_group_id": "sg-0d65a3013e76a91d2",
            "security_group_rule_id": "sgr-055ecc5c132176fad",
            "tags": null,
            "tags_all": {},
            "to_port": null
          },
          "sensitive_attributes": [],
          "identity_schema_version": 0,
          "identity": {
            "account_id": "460480222158",
            "id": "sgr-055ecc5c132176fad",
            "region": "us-east-1"
          },
          "dependencies": [
            "aws_security_group.bos_ec2_sg01",
            "aws_vpc.bos_vpc01"
          ]
        }
      ]
    },
    {
      "mode": "managed",
      "type": "aws_vpc_security_group_egress_rule",
      "name": "rds_all_traffic_ipv4",
      "provider": "provider[\"registry.terraform.io/hashicorp/aws\"]",
      "instances": [
        {
          "schema_version": 0,
          "attributes": {
            "arn": "arn:aws:ec2:us-east-1:460480222158:security-group-rule/sgr-09c7248bc44851332",
            "cidr_ipv4": "0.0.0.0/0",
            "cidr_ipv6": null,
            "description": "Allow all outbound traffic",
            "from_port": null,
            "id": "sgr-09c7248bc44851332",
            "ip_protocol": "-1",
            "prefix_list_id": null,
            "referenced_security_group_id": null,
            "region": "us-east-1",
            "security_group_id": "sg-00a2c4cac16817000",
            "security_group_rule_id": "sgr-09c7248bc44851332",
            "tags": null,
            "tags_all": {},
            "to_port": null
          },
          "sensitive_attributes": [],
          "identity_schema_version": 0,
          "identity": {
            "account_id": "460480222158",
            "id": "sgr-09c7248bc44851332",
            "region": "us-east-1"
          },
          "dependencies": [
            "aws_security_group.bos_rds_sg01",
            "aws_vpc.bos_vpc01"
          ]
        }
      ]
    },
    {
      "mode": "managed",
      "type": "aws_vpc_security_group_ingress_rule",
      "name": "bos_alb_ingress",
      "provider": "provider[\"registry.terraform.io/hashicorp/aws\"]",
      "instances": [
        {
          "schema_version": 0,
          "attributes": {
            "arn": "arn:aws:ec2:us-east-1:460480222158:security-group-rule/sgr-0c59b06d3f4b6d06b",
            "cidr_ipv4": "0.0.0.0/0",
            "cidr_ipv6": null,
            "description": null,
            "from_port": 80,
            "id": "sgr-0c59b06d3f4b6d06b",
            "ip_protocol": "tcp",
            "prefix_list_id": null,
            "referenced_security_group_id": null,
            "region": "us-east-1",
            "security_group_id": "sg-08b0c802102379a49",
            "security_group_rule_id": "sgr-0c59b06d3f4b6d06b",
            "tags": null,
            "tags_all": {},
            "to_port": 80
          },
          "sensitive_attributes": [],
          "identity_schema_version": 0,
          "identity": {
            "account_id": "460480222158",
            "id": "sgr-0c59b06d3f4b6d06b",
            "region": "us-east-1"
          },
          "dependencies": [
            "aws_security_group.bos_alb_sg01",
            "aws_vpc.bos_vpc01"
          ]
        }
      ]
    },
    {
      "mode": "managed",
      "type": "aws_vpc_security_group_ingress_rule",
      "name": "bos_ec2_http",
      "provider": "provider[\"registry.terraform.io/hashicorp/aws\"]",
      "instances": [
        {
          "schema_version": 0,
          "attributes": {
            "arn": "arn:aws:ec2:us-east-1:460480222158:security-group-rule/sgr-019c8ca5468617b77",
            "cidr_ipv4": "0.0.0.0/0",
            "cidr_ipv6": null,
            "description": null,
            "from_port": 80,
            "id": "sgr-019c8ca5468617b77",
            "ip_protocol": "tcp",
            "prefix_list_id": null,
            "referenced_security_group_id": null,
            "region": "us-east-1",
            "security_group_id": "sg-0d65a3013e76a91d2",
            "security_group_rule_id": "sgr-019c8ca5468617b77",
            "tags": null,
            "tags_all": {},
            "to_port": 80
          },
          "sensitive_attributes": [],
          "identity_schema_version": 0,
          "identity": {
            "account_id": "460480222158",
            "id": "sgr-019c8ca5468617b77",
            "region": "us-east-1"
          },
          "dependencies": [
            "aws_security_group.bos_ec2_sg01",
            "aws_vpc.bos_vpc01"
          ]
        }
      ]
    },
    {
      "mode": "managed",
      "type": "aws_vpc_security_group_ingress_rule",
      "name": "bos_rds_mysql",
      "provider": "provider[\"registry.terraform.io/hashicorp/aws\"]",
      "instances": [
        {
          "schema_version": 0,
          "attributes": {
            "arn": "arn:aws:ec2:us-east-1:460480222158:security-group-rule/sgr-000a440c9549624b0",
            "cidr_ipv4": null,
            "cidr_ipv6": null,
            "description": "Allow MySQL access only from app tier EC2 instances",
            "from_port": 3306,
            "id": "sgr-000a440c9549624b0",
            "ip_protocol": "tcp",
            "prefix_list_id": null,
            "referenced_security_group_id": "sg-0d65a3013e76a91d2",
            "region": "us-east-1",
            "security_group_id": "sg-00a2c4cac16817000",
            "security_group_rule_id": "sgr-000a440c9549624b0",
            "tags": null,
            "tags_all": {},
            "to_port": 3306
          },
          "sensitive_attributes": [],
          "identity_schema_version": 0,
          "identity": {
            "account_id": "460480222158",
            "id": "sgr-000a440c9549624b0",
            "region": "us-east-1"
          },
          "dependencies": [
            "aws_security_group.bos_ec2_sg01",
            "aws_security_group.bos_rds_sg01",
            "aws_vpc.bos_vpc01"
          ]
        }
      ]
    },
    {
      "mode": "managed",
      "type": "aws_wafv2_web_acl",
      "name": "bos_waf01",
      "provider": "provider[\"registry.terraform.io/hashicorp/aws\"]",
      "instances": [
        {
          "index_key": 0,
          "schema_version": 0,
          "attributes": {
            "application_integration_url": "",
            "arn": "arn:aws:wafv2:us-east-1:460480222158:regional/webacl/bos-waf01/1aa329e8-21a3-4e41-b531-c172c8b3b38c",
            "association_config": [],
            "capacity": 700,
            "captcha_config": [],
            "challenge_config": [],
            "custom_response_body": [],
            "data_protection_config": [],
            "default_action": [
              {
                "allow": [
                  {
                    "custom_request_handling": []
                  }
                ],
                "block": []
              }
            ],
            "description": "",
            "id": "1aa329e8-21a3-4e41-b531-c172c8b3b38c",
            "lock_token": "c2de9ae0-7f17-48b8-8e80-12f94c6304e0",
            "name": "bos-waf01",
            "name_prefix": "",
            "region": "us-east-1",
            "rule": [
              {
                "action": [],
                "captcha_config": [],
                "challenge_config": [],
                "name": "AWSManagedRulesCommonRuleSet",
                "override_action": [
                  {
                    "count": [],
                    "none": [
                      {}
                    ]
                  }
                ],
                "priority": 1,
                "rule_label": [],
                "statement": [
                  {
                    "and_statement": [],
                    "asn_match_statement": [],
                    "byte_match_statement": [],
                    "geo_match_statement": [],
                    "ip_set_reference_statement": [],
                    "label_match_statement": [],
                    "managed_rule_group_statement": [
                      {
                        "managed_rule_group_configs": [],
                        "name": "AWSManagedRulesCommonRuleSet",
                        "rule_action_override": [],
                        "scope_down_statement": [],
                        "vendor_name": "AWS",
                        "version": ""
                      }
                    ],
                    "not_statement": [],
                    "or_statement": [],
                    "rate_based_statement": [],
                    "regex_match_statement": [],
                    "regex_pattern_set_reference_statement": [],
                    "rule_group_reference_statement": [],
                    "size_constraint_statement": [],
                    "sqli_match_statement": [],
                    "xss_match_statement": []
                  }
                ],
                "visibility_config": [
                  {
                    "cloudwatch_metrics_enabled": true,
                    "metric_name": "bos-waf-common",
                    "sampled_requests_enabled": true
                  }
                ]
              }
            ],
            "rule_json": null,
            "scope": "REGIONAL",
            "tags": {
              "Name": "bos-waf01"
            },
            "tags_all": {
              "Name": "bos-waf01"
            },
            "token_domains": [],
            "visibility_config": [
              {
                "cloudwatch_metrics_enabled": true,
                "metric_name": "bos-waf01",
                "sampled_requests_enabled": true
              }
            ]
          },
          "sensitive_attributes": [],
          "identity_schema_version": 0,
          "private": "bnVsbA=="
        }
      ]
    },
    {
      "mode": "managed",
      "type": "aws_wafv2_web_acl_association",
      "name": "bos_waf_assoc01",
      "provider": "provider[\"registry.terraform.io/hashicorp/aws\"]",
      "instances": [
        {
          "index_key": 0,
          "schema_version": 0,
          "attributes": {
            "id": "arn:aws:wafv2:us-east-1:460480222158:regional/webacl/bos-waf01/1aa329e8-21a3-4e41-b531-c172c8b3b38c,arn:aws:elasticloadbalancing:us-east-1:460480222158:loadbalancer/app/bos-alb01/b2d9cacc88700439",
            "region": "us-east-1",
            "resource_arn": "arn:aws:elasticloadbalancing:us-east-1:460480222158:loadbalancer/app/bos-alb01/b2d9cacc88700439",
            "timeouts": null,
            "web_acl_arn": "arn:aws:wafv2:us-east-1:460480222158:regional/webacl/bos-waf01/1aa329e8-21a3-4e41-b531-c172c8b3b38c"
          },
          "sensitive_attributes": [],
          "identity_schema_version": 0,
          "private": "eyJlMmJmYjczMC1lY2FhLTExZTYtOGY4OC0zNDM2M2JjN2M0YzAiOnsiY3JlYXRlIjo2MDAwMDAwMDAwMDB9fQ==",
          "dependencies": [
            "aws_lb.bos_alb01",
            "aws_security_group.bos_alb_sg01",
            "aws_subnet.bos_public_subnets",
            "aws_vpc.bos_vpc01",
            "aws_wafv2_web_acl.bos_waf01"
          ]
        }
      ]
    },
    {
      "mode": "managed",
      "type": "aws_wafv2_web_acl_logging_configuration",
      "name": "bos_waf_logging01",
      "provider": "provider[\"registry.terraform.io/hashicorp/aws\"]",
      "instances": []
    },
    {
      "mode": "managed",
      "type": "aws_wafv2_web_acl_logging_configuration",
      "name": "bos_waf_logging_firehose01",
      "provider": "provider[\"registry.terraform.io/hashicorp/aws\"]",
      "instances": []
    },
    {
      "mode": "managed",
      "type": "aws_wafv2_web_acl_logging_configuration",
      "name": "bos_waf_logging_s3_01",
      "provider": "provider[\"registry.terraform.io/hashicorp/aws\"]",
      "instances": []
    }
  ],
  "check_results": null
}
